{
    "name": "watchtower-cash",
    "lockfileVersion": 2,
    "requires": true,
    "packages": {
        "": {
            "dependencies": {
                "@bitauth/libauth": "^1.19.1"
            }
        },
        "node_modules/@bitauth/libauth": {
            "version": "1.19.1",
            "resolved": "https://registry.npmjs.org/@bitauth/libauth/-/libauth-1.19.1.tgz",
            "integrity": "sha512-R524tD5VwOt3QRHr7N518nqTVR/HKgfWL4LypekcGuNQN8R4PWScvuRcRzrY39A28kLztMv+TJdiKuMNbkU1ug==",
            "engines": {
                "node": ">=8.9"
            }
        }
    },
    "dependencies": {
        "@bitauth/libauth": {
            "version": "1.19.1",
            "resolved": "https://registry.npmjs.org/@bitauth/libauth/-/libauth-1.19.1.tgz",
            "integrity": "sha512-R524tD5VwOt3QRHr7N518nqTVR/HKgfWL4LypekcGuNQN8R4PWScvuRcRzrY39A28kLztMv+TJdiKuMNbkU1ug=="
        }
    }
}
