{
    "name": "watchtower-cash",
    "lockfileVersion": 2,
    "requires": true,
    "packages": {
        "": {
            "dependencies": {
                "@bitauth/libauth": "^2.0.0-alpha.8"
            }
        },
        "node_modules/@bitauth/libauth": {
            "version": "2.0.0-alpha.8",
            "resolved": "https://registry.npmjs.org/@bitauth/libauth/-/libauth-2.0.0-alpha.8.tgz",
            "integrity": "sha512-KINAJbzg5pKs+WM8wCjWw6Ct/CeZG1JMrRXsIyPFztjNtwA5eeQL8eFkyquePsf8aZ5peRYK2eFPUDo/1rkg+w==",
            "engines": {
                "node": "^12.20.0 || ^14.13.1 || >=16.0.0"
            }
        }
    },
    "dependencies": {
        "@bitauth/libauth": {
            "version": "2.0.0-alpha.8",
            "resolved": "https://registry.npmjs.org/@bitauth/libauth/-/libauth-2.0.0-alpha.8.tgz",
            "integrity": "sha512-KINAJbzg5pKs+WM8wCjWw6Ct/CeZG1JMrRXsIyPFztjNtwA5eeQL8eFkyquePsf8aZ5peRYK2eFPUDo/1rkg+w=="
        }
    }
}
