{
  "name": "js",
  "lockfileVersion": 3,
  "requires": true,
  "packages": {
    "": {
      "dependencies": {
        "@bitauth/libauth": "^2.1.0",
        "@generalprotocols/anyhedge": "^2.0.2",
        "cashc": "^0.8.0",
        "cashscript": "^0.11.0-next.4",
        "zeromq": "^6.5.0"
      }
    },
    "node_modules/@bitauth/libauth": {
      "version": "2.1.0",
      "resolved": "https://registry.npmjs.org/@bitauth/libauth/-/libauth-2.1.0.tgz",
      "integrity": "sha512-O0cIN7/UPUHg6gaWHuePXIYRkvNPrc3zHfi80guZkkO4Ke9nSaN5mSITqhC5lKFBwAakr6OSToClXHN/IxiOfA==",
      "engines": {
        "node": "^12.20.0 || ^14.13.1 || >=16.0.0"
      }
    },
    "node_modules/@cashscript/utils": {
      "version": "0.8.2",
      "resolved": "https://registry.npmjs.org/@cashscript/utils/-/utils-0.8.2.tgz",
      "integrity": "sha512-7yAmUpXMHnM78oRqLAar2vRu5rPH8lyk1QFdEtJzviacYQMrOzdDsWoqPSc963fwhYWtjx0nKfe9jafOqv5+vA==",
      "dependencies": {
        "@bitauth/libauth": "^2.0.0-alpha.8",
        "hash.js": "^1.1.7"
      }
    },
    "node_modules/@electrum-cash/debug-logs": {
      "version": "1.0.0",
      "resolved": "https://registry.npmjs.org/@electrum-cash/debug-logs/-/debug-logs-1.0.0.tgz",
      "integrity": "sha512-GU/CvRR9lZ0d8gy9CXGW7f//OHCIydBavv9q+JcxjGj8Xr7HwlGqHx+Wzhx9y3YmJrXfExpgClcd++gTjdEmzA==",
      "dependencies": {
        "debug": "^4.3.7"
      }
    },
    "node_modules/@electrum-cash/network": {
      "version": "4.1.1",
      "resolved": "https://registry.npmjs.org/@electrum-cash/network/-/network-4.1.1.tgz",
      "integrity": "sha512-v5abF2qGRTnBoi9tcS/iz7j82D8HYsK9iY0NM5v8/Qu8SnlMGGNz8UDFl+YzRPFXb4SUL3K0uf3Oydy82DB3oA==",
      "dependencies": {
        "@electrum-cash/debug-logs": "^1.0.0",
        "@electrum-cash/web-socket": "^1.0.0",
        "async-mutex": "^0.5.0",
        "debug": "^4.3.2",
        "eventemitter3": "^5.0.1",
        "lossless-json": "^4.0.1"
      }
    },
    "node_modules/@electrum-cash/network/node_modules/async-mutex": {
      "version": "0.5.0",
      "resolved": "https://registry.npmjs.org/async-mutex/-/async-mutex-0.5.0.tgz",
      "integrity": "sha512-1A94B18jkJ3DYq284ohPxoXbfTA5HsQ7/Mf4DEhcyLx3Bz27Rh59iScbB6EPiP+B+joue6YCxcMXSbFC1tZKwA==",
      "dependencies": {
        "tslib": "^2.4.0"
      }
    },
    "node_modules/@electrum-cash/web-socket": {
      "version": "1.0.0",
      "resolved": "https://registry.npmjs.org/@electrum-cash/web-socket/-/web-socket-1.0.0.tgz",
      "integrity": "sha512-+VQ6aPE7nUysyDn9SB7/uqKuVJmjrhvr0LRK2ANTeR1DfmXBnv5z29e/0zK5A7ZoAz0gdZZuLDzN46r8S5Cxig==",
      "dependencies": {
        "@electrum-cash/debug-logs": "^1.0.0",
        "@monsterbitar/isomorphic-ws": "^5.3.0",
        "@types/ws": "^8.5.5",
        "async-mutex": "^0.5.0",
        "eventemitter3": "^5.0.1",
        "lossless-json": "^4.0.1",
        "ws": "^8.13.0"
      }
    },
    "node_modules/@electrum-cash/web-socket/node_modules/async-mutex": {
      "version": "0.5.0",
      "resolved": "https://registry.npmjs.org/async-mutex/-/async-mutex-0.5.0.tgz",
      "integrity": "sha512-1A94B18jkJ3DYq284ohPxoXbfTA5HsQ7/Mf4DEhcyLx3Bz27Rh59iScbB6EPiP+B+joue6YCxcMXSbFC1tZKwA==",
      "dependencies": {
        "tslib": "^2.4.0"
      }
    },
    "node_modules/@generalprotocols/anyhedge": {
      "version": "2.0.2",
      "resolved": "https://registry.npmjs.org/@generalprotocols/anyhedge/-/anyhedge-2.0.2.tgz",
      "integrity": "sha512-YM1tyRdhYBFSiC3Mi/vO7ZYVyi3swAAtyZEV38wesBlCHQD1y+NngfmEdUZLubmFFaFHHtf7v0mrhofb1g1lag==",
      "dependencies": {
        "@bitauth/libauth": "2.0.0-alpha.8",
        "@generalprotocols/anyhedge-contracts": "^0.12.1",
        "@generalprotocols/price-oracle": "^3.0.1",
        "@types/shallow-equals": "^1.0.0",
        "cashscript": "0.9.2",
        "debug": "^4.3.2",
        "electrum-cash": "^2.0.10",
        "long": "^5.2.0",
        "shallow-equals": "^1.0.0"
      }
    },
    "node_modules/@generalprotocols/anyhedge-contracts": {
      "version": "0.12.1",
      "resolved": "https://registry.npmjs.org/@generalprotocols/anyhedge-contracts/-/anyhedge-contracts-0.12.1.tgz",
      "integrity": "sha512-8RlfbORpgghZ4a8TNJefFJQTCe8bR0z6BnK/0fGFKCDt6ieNCCNeIRWup64SUF7kBDBzqpXD90cXyn6HSnY9ow==",
      "dependencies": {
        "cashc": "^0.9.2",
        "cashscript": "^0.9.2"
      }
    },
    "node_modules/@generalprotocols/anyhedge-contracts/node_modules/@cashscript/utils": {
      "version": "0.9.3",
      "resolved": "https://registry.npmjs.org/@cashscript/utils/-/utils-0.9.3.tgz",
      "integrity": "sha512-WqFfEhg6vf1bhhPdM9sj3b+0gHHhY+W4u4HVTvEjHycVjlLk6x33zd0XEy2XpIzXXw8Vqu87VI0m7exIXY/OeQ==",
      "dependencies": {
        "@bitauth/libauth": "^2.0.0-alpha.8",
        "hash.js": "^1.1.7"
      }
    },
    "node_modules/@generalprotocols/anyhedge-contracts/node_modules/cashc": {
      "version": "0.9.3",
      "resolved": "https://registry.npmjs.org/cashc/-/cashc-0.9.3.tgz",
      "integrity": "sha512-z3wz5UpaPrpehIoqcoOU419FcGUy/nzMJ7x9k5BJqlU8V6Kh0vytPPetudnAFSWKdiuvUJ5oIZJAeXUaDHpf0g==",
      "dependencies": {
        "@bitauth/libauth": "^2.0.0-alpha.8",
        "@cashscript/utils": "^0.9.3",
        "antlr4": "^4.13.1-patch-1",
        "commander": "^7.1.0",
        "semver": "^7.3.4"
      },
      "bin": {
        "cashc": "dist/cashc-cli.js"
      }
    },
    "node_modules/@generalprotocols/anyhedge-contracts/node_modules/cashscript": {
      "version": "0.9.3",
      "resolved": "https://registry.npmjs.org/cashscript/-/cashscript-0.9.3.tgz",
      "integrity": "sha512-Xw03xsOUnZFAcTk7M/PiV09RaX22pjNkSn3h1HxhzDbGes/B48fTDGtF3kT/k+unapGRTL7qO28tAZ0nAyoSbg==",
      "dependencies": {
        "@bitauth/libauth": "^2.0.0-alpha.8",
        "@cashscript/utils": "^0.9.3",
        "bip68": "^1.0.4",
        "bitcoin-rpc-promise-retry": "^1.3.0",
        "delay": "^5.0.0",
        "electrum-cash": "^2.0.10",
        "fast-deep-equal": "^3.1.3"
      }
    },
    "node_modules/@generalprotocols/anyhedge-contracts/node_modules/delay": {
      "version": "5.0.0",
      "resolved": "https://registry.npmjs.org/delay/-/delay-5.0.0.tgz",
      "integrity": "sha512-ReEBKkIfe4ya47wlPYf/gu5ib6yUG0/Aez0JQZQz94kiWtRQvZIQbTiehsnwHvLSWJnQdhVeqYue7Id1dKr0qw==",
      "engines": {
        "node": ">=10"
      },
      "funding": {
        "url": "https://github.com/sponsors/sindresorhus"
      }
    },
    "node_modules/@generalprotocols/anyhedge/node_modules/@bitauth/libauth": {
      "version": "2.0.0-alpha.8",
      "resolved": "https://registry.npmjs.org/@bitauth/libauth/-/libauth-2.0.0-alpha.8.tgz",
      "integrity": "sha512-KINAJbzg5pKs+WM8wCjWw6Ct/CeZG1JMrRXsIyPFztjNtwA5eeQL8eFkyquePsf8aZ5peRYK2eFPUDo/1rkg+w==",
      "engines": {
        "node": "^12.20.0 || ^14.13.1 || >=16.0.0"
      }
    },
    "node_modules/@generalprotocols/anyhedge/node_modules/@cashscript/utils": {
      "version": "0.9.3",
      "resolved": "https://registry.npmjs.org/@cashscript/utils/-/utils-0.9.3.tgz",
      "integrity": "sha512-WqFfEhg6vf1bhhPdM9sj3b+0gHHhY+W4u4HVTvEjHycVjlLk6x33zd0XEy2XpIzXXw8Vqu87VI0m7exIXY/OeQ==",
      "dependencies": {
        "@bitauth/libauth": "^2.0.0-alpha.8",
        "hash.js": "^1.1.7"
      }
    },
    "node_modules/@generalprotocols/anyhedge/node_modules/cashscript": {
      "version": "0.9.2",
      "resolved": "https://registry.npmjs.org/cashscript/-/cashscript-0.9.2.tgz",
      "integrity": "sha512-IxvcJluRAoWA8ruQXsvOgmDeuyXc4DnwDF2UfU3l6/0fn5HQkLLVhH5hroc/TbExKWQPBEwR3Nql7aTQhPb9vA==",
      "dependencies": {
        "@bitauth/libauth": "^2.0.0-alpha.8",
        "@cashscript/utils": "^0.9.2",
        "bip68": "^1.0.4",
        "bitcoin-rpc-promise-retry": "^1.3.0",
        "delay": "^5.0.0",
        "electrum-cash": "^2.0.10",
        "fast-deep-equal": "^3.1.3"
      }
    },
    "node_modules/@generalprotocols/anyhedge/node_modules/delay": {
      "version": "5.0.0",
      "resolved": "https://registry.npmjs.org/delay/-/delay-5.0.0.tgz",
      "integrity": "sha512-ReEBKkIfe4ya47wlPYf/gu5ib6yUG0/Aez0JQZQz94kiWtRQvZIQbTiehsnwHvLSWJnQdhVeqYue7Id1dKr0qw==",
      "engines": {
        "node": ">=10"
      },
      "funding": {
        "url": "https://github.com/sponsors/sindresorhus"
      }
    },
    "node_modules/@generalprotocols/price-oracle": {
      "version": "3.0.3",
      "resolved": "https://registry.npmjs.org/@generalprotocols/price-oracle/-/price-oracle-3.0.3.tgz",
      "integrity": "sha512-M0Rv6FQT26SAE8pkeQWDfQL0+NTKuT7HJz//ppdJhxUPXP6e/x4vES1WEOmDXGnby38sv/nDkCs+m62uuDAP5g==",
      "dependencies": {
        "@bitauth/libauth": "3.0.0",
        "async-mutex": "^0.4.0",
        "debug": "^4.3.3",
        "json-arraybuffer-reviver": "^2.0.0"
      },
      "optionalDependencies": {
        "zeromq": "^6.0.4"
      }
    },
    "node_modules/@generalprotocols/price-oracle/node_modules/@bitauth/libauth": {
      "version": "3.0.0",
      "resolved": "https://registry.npmjs.org/@bitauth/libauth/-/libauth-3.0.0.tgz",
      "integrity": "sha512-3yoL31XpnhAnf5nDVMFk4xPqebxDwXrgYAwpa31ARJnV5A/eXWlpNYvCd6FTZPFM4VvKfjCBi+jRCrw1hOZ0Jg==",
      "engines": {
        "node": "^12.20.0 || ^14.13.1 || >=16.0.0"
      }
    },
    "node_modules/@monsterbitar/isomorphic-ws": {
      "version": "5.3.1",
      "resolved": "https://registry.npmjs.org/@monsterbitar/isomorphic-ws/-/isomorphic-ws-5.3.1.tgz",
      "integrity": "sha512-BWfWUffbg3uO4K6Cyokg9ff43lPaXAOZcCnNe1lcjCjUMDVrRAb5qEHG5qeJp3ud2SPYbORaNsls5as6SR3oig==",
      "peerDependencies": {
        "ws": "*"
      }
    },
    "node_modules/@mr-zwets/bchn-api-wrapper": {
      "version": "1.0.1",
      "resolved": "https://registry.npmjs.org/@mr-zwets/bchn-api-wrapper/-/bchn-api-wrapper-1.0.1.tgz",
      "integrity": "sha512-EyKT6zgXh31JqTRsi+KCX04WPDjIqs80nfsafrKiUZTg8FgWzql1wSyYdggmeByB74yLHD0LouC40S8PMmvcZA=="
    },
    "node_modules/@types/node": {
      "version": "22.15.17",
      "resolved": "https://registry.npmjs.org/@types/node/-/node-22.15.17.tgz",
      "integrity": "sha512-wIX2aSZL5FE+MR0JlvF87BNVrtFWf6AE6rxSE9X7OwnVvoyCQjpzSRJ+M87se/4QCkCiebQAqrJ0y6fwIyi7nw==",
      "dependencies": {
        "undici-types": "~6.21.0"
      }
    },
    "node_modules/@types/shallow-equals": {
      "version": "1.0.3",
      "resolved": "https://registry.npmjs.org/@types/shallow-equals/-/shallow-equals-1.0.3.tgz",
      "integrity": "sha512-xZx/hZsf1p9J5lGN/nGTsuW/chJCdlyGxilwg1TS78rygBCU5bpY50zZiFcIimlnl0p41kAyaASsy0bqU7WyBA=="
    },
    "node_modules/@types/ws": {
      "version": "8.18.1",
      "resolved": "https://registry.npmjs.org/@types/ws/-/ws-8.18.1.tgz",
      "integrity": "sha512-ThVF6DCVhA8kUGy+aazFQ4kXQ7E1Ty7A3ypFOe0IcJV8O/M511G99AW24irKrW56Wt44yG9+ij8FaqoBGkuBXg==",
      "dependencies": {
        "@types/node": "*"
      }
    },
    "node_modules/antlr4": {
      "version": "4.13.2",
      "resolved": "https://registry.npmjs.org/antlr4/-/antlr4-4.13.2.tgz",
      "integrity": "sha512-QiVbZhyy4xAZ17UPEuG3YTOt8ZaoeOR1CvEAqrEsDBsOqINslaB147i9xqljZqoyf5S+EUlGStaj+t22LT9MOg==",
      "engines": {
        "node": ">=16"
      }
    },
    "node_modules/antlr4ts": {
      "version": "0.5.0-alpha.4",
      "resolved": "https://registry.npmjs.org/antlr4ts/-/antlr4ts-0.5.0-alpha.4.tgz",
      "integrity": "sha512-WPQDt1B74OfPv/IMS2ekXAKkTZIHl88uMetg6q3OTqgFxZ/dxDXI0EWLyZid/1Pe6hTftyg5N7gel5wNAGxXyQ=="
    },
    "node_modules/async-mutex": {
      "version": "0.4.1",
      "resolved": "https://registry.npmjs.org/async-mutex/-/async-mutex-0.4.1.tgz",
      "integrity": "sha512-WfoBo4E/TbCX1G95XTjbWTE3X2XLG0m1Xbv2cwOtuPdyH9CZvnaA5nCt1ucjaKEgW2A5IF71hxrRhr83Je5xjA==",
      "dependencies": {
        "tslib": "^2.4.0"
      }
    },
    "node_modules/bip68": {
      "version": "1.0.4",
      "resolved": "https://registry.npmjs.org/bip68/-/bip68-1.0.4.tgz",
      "integrity": "sha512-O1htyufFTYy3EO0JkHg2CLykdXEtV2ssqw47Gq9A0WByp662xpJnMEB9m43LZjsSDjIAOozWRExlFQk2hlV1XQ==",
      "engines": {
        "node": ">=4.5.0"
      }
    },
    "node_modules/bitcoin-rpc-promise-retry": {
      "version": "1.3.0",
      "resolved": "https://registry.npmjs.org/bitcoin-rpc-promise-retry/-/bitcoin-rpc-promise-retry-1.3.0.tgz",
      "integrity": "sha512-xhldBhYwiUNY4spzkXXcU9LEq+nbSKJ5tvYWEUe/XTCe1VYoe8tEb5jJq4MBA2d+5egiUOA+P1QTTYm1FqPtOg==",
      "dependencies": {
        "bitcoind-rpc": "^0.8.0"
      }
    },
    "node_modules/bitcoind-rpc": {
      "version": "0.8.1",
      "resolved": "https://registry.npmjs.org/bitcoind-rpc/-/bitcoind-rpc-0.8.1.tgz",
      "integrity": "sha512-NfhykAT/x/P1SOiog8UzltvTiv6A6d2X5VWJ3UjGeAqFLXv+IYHy+E4fFCBmgQRyIb1EIcyIZK1SVpSOGRHsaw=="
    },
    "node_modules/cashc": {
      "version": "0.8.2",
      "resolved": "https://registry.npmjs.org/cashc/-/cashc-0.8.2.tgz",
      "integrity": "sha512-/yesfux9h9MyhVKM2XK5ms62jf4VYOMVG43crjX1vtF+iLkvr/8Ep/s6ucD+WMjiJF/grs+5MDJ1u3RnCiF1rA==",
      "dependencies": {
        "@bitauth/libauth": "^2.0.0-alpha.8",
        "@cashscript/utils": "^0.8.2",
        "antlr4ts": "^0.5.0-alpha.4",
        "commander": "^7.1.0",
        "semver": "^7.3.4"
      },
      "bin": {
        "cashc": "dist/cashc-cli.js"
      }
    },
    "node_modules/cashscript": {
      "version": "0.11.0-next.4",
      "resolved": "https://registry.npmjs.org/cashscript/-/cashscript-0.11.0-next.4.tgz",
      "integrity": "sha512-q5JFYbUxpnP20erZvsLMkWQ8mZRdQSVPE+rg8jztZf2d39j1h6NFJiouptqhATvX4LQYK3MP8bX8A8loPuSB9g==",
      "dependencies": {
        "@bitauth/libauth": "^3.1.0-next.2",
        "@cashscript/utils": "^0.11.0-next.4",
        "@electrum-cash/network": "^4.1.1",
        "@mr-zwets/bchn-api-wrapper": "^1.0.1",
        "delay": "^6.0.0",
        "fast-deep-equal": "^3.1.3",
        "pako": "^2.1.0",
        "semver": "^7.6.3"
      }
    },
    "node_modules/cashscript/node_modules/@bitauth/libauth": {
      "version": "3.1.0-next.4",
      "resolved": "https://registry.npmjs.org/@bitauth/libauth/-/libauth-3.1.0-next.4.tgz",
      "integrity": "sha512-cvEluzkW27adgldtQxrxRnWfyqEizp2/PYhWAcoC7qtdhuhbBFzGUiHqog/egQVXi4tUVxpp+bsF1O7JdXW+Ow==",
      "engines": {
        "node": "^12.20.0 || ^14.13.1 || >=16.0.0"
      }
    },
    "node_modules/cashscript/node_modules/@cashscript/utils": {
      "version": "0.11.0-next.4",
      "resolved": "https://registry.npmjs.org/@cashscript/utils/-/utils-0.11.0-next.4.tgz",
      "integrity": "sha512-gXBC+SM/q2jRdZ5nCXb39r3xWktf44NdTOx1k87Qvx7AWm+/oKvENk5BodwSr5UZeG87DeLeB7xViM0um+I/dw==",
      "dependencies": {
        "@bitauth/libauth": "^3.1.0-next.2"
      }
    },
    "node_modules/cmake-ts": {
      "version": "1.0.2",
      "resolved": "https://registry.npmjs.org/cmake-ts/-/cmake-ts-1.0.2.tgz",
      "integrity": "sha512-5l++JHE7MxFuyV/OwJf3ek7ZZN1aGPFPM5oUz6AnK5inQAPe4TFXRMz5sA2qg2FRgByPWdqO+gSfIPo8GzoKNQ==",
      "bin": {
        "cmake-ts": "build/main.js"
      }
    },
    "node_modules/commander": {
      "version": "7.2.0",
      "resolved": "https://registry.npmjs.org/commander/-/commander-7.2.0.tgz",
      "integrity": "sha512-QrWXB+ZQSVPmIWIhtEO9H+gwHaMGYiF5ChvoJ+K9ZGHG/sVsa6yiesAD1GC/x46sET00Xlwo1u49RVVVzvcSkw==",
      "engines": {
        "node": ">= 10"
      }
    },
    "node_modules/debug": {
      "version": "4.4.0",
      "resolved": "https://registry.npmjs.org/debug/-/debug-4.4.0.tgz",
      "integrity": "sha512-6WTZ/IxCY/T6BALoZHaE4ctp9xm+Z5kY/pzYaCHRFeyVhojxlrm+46y68HA6hr0TcwEssoxNiDEUJQjfPZ/RYA==",
      "dependencies": {
        "ms": "^2.1.3"
      },
      "engines": {
        "node": ">=6.0"
      },
      "peerDependenciesMeta": {
        "supports-color": {
          "optional": true
        }
      }
    },
    "node_modules/delay": {
      "version": "6.0.0",
      "resolved": "https://registry.npmjs.org/delay/-/delay-6.0.0.tgz",
      "integrity": "sha512-2NJozoOHQ4NuZuVIr5CWd0iiLVIRSDepakaovIN+9eIDHEhdCAEvSy2cuf1DCrPPQLvHmbqTHODlhHg8UCy4zw==",
      "engines": {
        "node": ">=16"
      },
      "funding": {
        "url": "https://github.com/sponsors/sindresorhus"
      }
    },
    "node_modules/electrum-cash": {
      "version": "2.0.10",
      "resolved": "https://registry.npmjs.org/electrum-cash/-/electrum-cash-2.0.10.tgz",
      "integrity": "sha512-xxKXWyDsnUR2pkqzb7r7ANf6yzlHO8+Rkq8HOFkKiH1tF1BJwyh6sDhGAy4lkTv2sU8Uv1em/itYZ5n2Cr6zaA==",
      "deprecated": "electrum cash packages have been moved to the @electrum-cash/* namespace.",
      "dependencies": {
        "@types/ws": "^7.4.6",
        "async-mutex": "^0.3.1",
        "debug": "^4.3.2",
        "isomorphic-ws": "^4.0.1",
        "ws": "^7.5.2"
      }
    },
    "node_modules/electrum-cash/node_modules/@types/ws": {
      "version": "7.4.7",
      "resolved": "https://registry.npmjs.org/@types/ws/-/ws-7.4.7.tgz",
      "integrity": "sha512-JQbbmxZTZehdc2iszGKs5oC3NFnjeay7mtAWrdt7qNtAVK0g19muApzAy4bm9byz79xa2ZnO/BOBC2R8RC5Lww==",
      "dependencies": {
        "@types/node": "*"
      }
    },
    "node_modules/electrum-cash/node_modules/async-mutex": {
      "version": "0.3.2",
      "resolved": "https://registry.npmjs.org/async-mutex/-/async-mutex-0.3.2.tgz",
      "integrity": "sha512-HuTK7E7MT7jZEh1P9GtRW9+aTWiDWWi9InbZ5hjxrnRa39KS4BW04+xLBhYNS2aXhHUIKZSw3gj4Pn1pj+qGAA==",
      "dependencies": {
        "tslib": "^2.3.1"
      }
    },
    "node_modules/electrum-cash/node_modules/ws": {
      "version": "7.5.10",
      "resolved": "https://registry.npmjs.org/ws/-/ws-7.5.10.tgz",
      "integrity": "sha512-+dbF1tHwZpXcbOJdVOkzLDxZP1ailvSxM6ZweXTegylPny803bFhA+vqBYw4s31NSAk4S2Qz+AKXK9a4wkdjcQ==",
      "engines": {
        "node": ">=8.3.0"
      },
      "peerDependencies": {
        "bufferutil": "^4.0.1",
        "utf-8-validate": "^5.0.2"
      },
      "peerDependenciesMeta": {
        "bufferutil": {
          "optional": true
        },
        "utf-8-validate": {
          "optional": true
        }
      }
    },
    "node_modules/eventemitter3": {
      "version": "5.0.1",
      "resolved": "https://registry.npmjs.org/eventemitter3/-/eventemitter3-5.0.1.tgz",
      "integrity": "sha512-GWkBvjiSZK87ELrYOSESUYeVIc9mvLLf/nXalMOS5dYrgZq9o5OVkbZAVM06CVxYsCwH9BDZFPlQTlPA1j4ahA=="
    },
    "node_modules/fast-deep-equal": {
      "version": "3.1.3",
      "resolved": "https://registry.npmjs.org/fast-deep-equal/-/fast-deep-equal-3.1.3.tgz",
      "integrity": "sha512-f3qQ9oQy9j2AhBe/H9VC91wLmKBCCU/gDOnKNAYG5hswO7BLKj09Hc5HYNz9cGI++xlpDCIgDaitVs03ATR84Q=="
    },
    "node_modules/hash.js": {
      "version": "1.1.7",
      "resolved": "https://registry.npmjs.org/hash.js/-/hash.js-1.1.7.tgz",
      "integrity": "sha512-taOaskGt4z4SOANNseOviYDvjEJinIkRgmp7LbKP2YTTmVxWBl87s/uzK9r+44BclBSp2X7K1hqeNfz9JbBeXA==",
      "dependencies": {
        "inherits": "^2.0.3",
        "minimalistic-assert": "^1.0.1"
      }
    },
    "node_modules/inherits": {
      "version": "2.0.4",
      "resolved": "https://registry.npmjs.org/inherits/-/inherits-2.0.4.tgz",
      "integrity": "sha512-k/vGaX4/Yla3WzyMCvTQOXYeIHvqOKtnqBduzTHpzpQZzAskKMhZ2K+EnBiSM9zGSoIFeMpXKxa4dYeZIQqewQ=="
    },
    "node_modules/isomorphic-ws": {
      "version": "4.0.1",
      "resolved": "https://registry.npmjs.org/isomorphic-ws/-/isomorphic-ws-4.0.1.tgz",
      "integrity": "sha512-BhBvN2MBpWTaSHdWRb/bwdZJ1WaehQ2L1KngkCkfLUGF0mAWAT1sQUQacEmQ0jXkFw/czDXPNQSL5u2/Krsz1w==",
      "peerDependencies": {
        "ws": "*"
      }
    },
    "node_modules/json-arraybuffer-reviver": {
      "version": "2.0.0",
      "resolved": "https://registry.npmjs.org/json-arraybuffer-reviver/-/json-arraybuffer-reviver-2.0.0.tgz",
      "integrity": "sha512-wWEAnxKpD8y0Mc0sgc5XTcU05Lw6cX3QnH4y5pSZs0U4CMFMin1nnsK4wbHoL0wz/ApazGEs4SPaWjNHl1DRaQ==",
      "dependencies": {
        "@bitauth/libauth": "^3.0.0"
      }
    },
    "node_modules/json-arraybuffer-reviver/node_modules/@bitauth/libauth": {
      "version": "3.0.0",
      "resolved": "https://registry.npmjs.org/@bitauth/libauth/-/libauth-3.0.0.tgz",
      "integrity": "sha512-3yoL31XpnhAnf5nDVMFk4xPqebxDwXrgYAwpa31ARJnV5A/eXWlpNYvCd6FTZPFM4VvKfjCBi+jRCrw1hOZ0Jg==",
      "engines": {
        "node": "^12.20.0 || ^14.13.1 || >=16.0.0"
      }
    },
    "node_modules/long": {
      "version": "5.3.2",
      "resolved": "https://registry.npmjs.org/long/-/long-5.3.2.tgz",
      "integrity": "sha512-mNAgZ1GmyNhD7AuqnTG3/VQ26o760+ZYBPKjPvugO8+nLbYfX6TVpJPseBvopbdY+qpZ/lKUnmEc1LeZYS3QAA=="
    },
    "node_modules/lossless-json": {
      "version": "4.0.2",
      "resolved": "https://registry.npmjs.org/lossless-json/-/lossless-json-4.0.2.tgz",
      "integrity": "sha512-+z0EaLi2UcWi8MZRxA5iTb6m4Ys4E80uftGY+yG5KNFJb5EceQXOhdW/pWJZ8m97s26u7yZZAYMcKWNztSZssA=="
    },
    "node_modules/minimalistic-assert": {
      "version": "1.0.1",
      "resolved": "https://registry.npmjs.org/minimalistic-assert/-/minimalistic-assert-1.0.1.tgz",
      "integrity": "sha512-UtJcAD4yEaGtjPezWuO9wC4nwUnVH/8/Im3yEHQP4b67cXlD/Qr9hdITCU1xDbSEXg2XKNaP8jsReV7vQd00/A=="
    },
    "node_modules/ms": {
      "version": "2.1.3",
      "resolved": "https://registry.npmjs.org/ms/-/ms-2.1.3.tgz",
      "integrity": "sha512-6FlzubTLZG3J2a/NVCAleEhjzq5oxgHyaCU9yYXvcLsvoVaHJq/s5xXI6/XXP6tz7R9xAOtHnSO/tXtF3WRTlA=="
    },
    "node_modules/node-addon-api": {
      "version": "8.3.1",
      "resolved": "https://registry.npmjs.org/node-addon-api/-/node-addon-api-8.3.1.tgz",
      "integrity": "sha512-lytcDEdxKjGJPTLEfW4mYMigRezMlyJY8W4wxJK8zE533Jlb8L8dRuObJFWg2P+AuOIxoCgKF+2Oq4d4Zd0OUA==",
      "engines": {
        "node": "^18 || ^20 || >= 21"
      }
    },
    "node_modules/pako": {
      "version": "2.1.0",
      "resolved": "https://registry.npmjs.org/pako/-/pako-2.1.0.tgz",
      "integrity": "sha512-w+eufiZ1WuJYgPXbV/PO3NCMEc3xqylkKHzp8bxp1uW4qaSNQUkwmLLEc3kKsfz8lpV1F8Ht3U1Cm+9Srog2ug=="
    },
    "node_modules/semver": {
      "version": "7.7.1",
      "resolved": "https://registry.npmjs.org/semver/-/semver-7.7.1.tgz",
      "integrity": "sha512-hlq8tAfn0m/61p4BVRcPzIGr6LKiMwo4VM6dGi6pt4qcRkmNzTcWq6eCEjEh+qXjkMDvPlOFFSGwQjoEa6gyMA==",
      "bin": {
        "semver": "bin/semver.js"
      },
      "engines": {
        "node": ">=10"
      }
    },
    "node_modules/shallow-equals": {
      "version": "1.0.0",
      "resolved": "https://registry.npmjs.org/shallow-equals/-/shallow-equals-1.0.0.tgz",
      "integrity": "sha512-xd/FKcdmfmMbyYCca3QTVEJtqUOGuajNzvAX6nt8dXILwjAIEkfHc4hI8/JMGApAmb7VeULO0Q30NTxnbH/15g=="
    },
    "node_modules/tslib": {
      "version": "2.8.1",
      "resolved": "https://registry.npmjs.org/tslib/-/tslib-2.8.1.tgz",
      "integrity": "sha512-oJFu94HQb+KVduSUQL7wnpmqnfmLsOA/nAh6b6EH0wCEoK0/mPeXU6c3wKDV83MkOuHPRHtSXKKU99IBazS/2w=="
    },
    "node_modules/undici-types": {
      "version": "6.21.0",
      "resolved": "https://registry.npmjs.org/undici-types/-/undici-types-6.21.0.tgz",
      "integrity": "sha512-iwDZqg0QAGrg9Rav5H4n0M64c3mkR59cJ6wQp+7C4nI0gsmExaedaYLNO44eT4AtBBwjbTiGPMlt2Md0T9H9JQ=="
    },
    "node_modules/ws": {
      "version": "8.18.2",
      "resolved": "https://registry.npmjs.org/ws/-/ws-8.18.2.tgz",
      "integrity": "sha512-DMricUmwGZUVr++AEAe2uiVM7UoO9MAVZMDu05UQOaUII0lp+zOzLLU4Xqh/JvTqklB1T4uELaaPBKyjE1r4fQ==",
      "engines": {
        "node": ">=10.0.0"
      },
      "peerDependencies": {
        "bufferutil": "^4.0.1",
        "utf-8-validate": ">=5.0.2"
      },
      "peerDependenciesMeta": {
        "bufferutil": {
          "optional": true
        },
        "utf-8-validate": {
          "optional": true
        }
      }
    },
    "node_modules/zeromq": {
      "version": "6.5.0",
      "resolved": "https://registry.npmjs.org/zeromq/-/zeromq-6.5.0.tgz",
      "integrity": "sha512-vWOrt19lvcXTxu5tiHXfEGQuldSlU+qZn2TT+4EbRQzaciWGwNZ99QQTolQOmcwVgZLodv+1QfC6UZs2PX/6pQ==",
      "hasInstallScript": true,
      "dependencies": {
        "cmake-ts": "1.0.2",
        "node-addon-api": "^8.3.1"
      },
      "engines": {
        "node": ">= 12"
      }
    }
  }
}
