{
  "name": "js",
  "lockfileVersion": 2,
  "requires": true,
  "packages": {
    "": {
      "dependencies": {
        "@bitauth/libauth": "^2.1.0",
        "cashc": "^0.8.0",
        "cashscript": "^0.10.2"
      }
    },
    "node_modules/@bitauth/libauth": {
      "version": "2.1.0",
      "resolved": "https://registry.npmjs.org/@bitauth/libauth/-/libauth-2.1.0.tgz",
      "integrity": "sha512-O0cIN7/UPUHg6gaWHuePXIYRkvNPrc3zHfi80guZkkO4Ke9nSaN5mSITqhC5lKFBwAakr6OSToClXHN/IxiOfA==",
      "engines": {
        "node": "^12.20.0 || ^14.13.1 || >=16.0.0"
      }
    },
    "node_modules/@cashscript/utils": {
      "version": "0.8.2",
      "resolved": "https://registry.npmjs.org/@cashscript/utils/-/utils-0.8.2.tgz",
      "integrity": "sha512-7yAmUpXMHnM78oRqLAar2vRu5rPH8lyk1QFdEtJzviacYQMrOzdDsWoqPSc963fwhYWtjx0nKfe9jafOqv5+vA==",
      "dependencies": {
        "@bitauth/libauth": "^2.0.0-alpha.8",
        "hash.js": "^1.1.7"
      }
    },
    "node_modules/@cashscript/utils/node_modules/@bitauth/libauth": {
      "version": "2.0.0-alpha.8",
      "resolved": "https://registry.npmjs.org/@bitauth/libauth/-/libauth-2.0.0-alpha.8.tgz",
      "integrity": "sha512-KINAJbzg5pKs+WM8wCjWw6Ct/CeZG1JMrRXsIyPFztjNtwA5eeQL8eFkyquePsf8aZ5peRYK2eFPUDo/1rkg+w==",
      "engines": {
        "node": "^12.20.0 || ^14.13.1 || >=16.0.0"
      }
    },
    "node_modules/@mr-zwets/bchn-api-wrapper": {
      "version": "1.0.1",
      "resolved": "https://registry.npmjs.org/@mr-zwets/bchn-api-wrapper/-/bchn-api-wrapper-1.0.1.tgz",
      "integrity": "sha512-EyKT6zgXh31JqTRsi+KCX04WPDjIqs80nfsafrKiUZTg8FgWzql1wSyYdggmeByB74yLHD0LouC40S8PMmvcZA=="
    },
    "node_modules/@types/node": {
      "version": "22.8.7",
      "resolved": "https://registry.npmjs.org/@types/node/-/node-22.8.7.tgz",
      "integrity": "sha512-LidcG+2UeYIWcMuMUpBKOnryBWG/rnmOHQR5apjn8myTQcx3rinFRn7DcIFhMnS0PPFSC6OafdIKEad0lj6U0Q==",
      "dependencies": {
        "undici-types": "~6.19.8"
      }
    },
    "node_modules/@types/ws": {
      "version": "7.4.7",
      "resolved": "https://registry.npmjs.org/@types/ws/-/ws-7.4.7.tgz",
      "integrity": "sha512-JQbbmxZTZehdc2iszGKs5oC3NFnjeay7mtAWrdt7qNtAVK0g19muApzAy4bm9byz79xa2ZnO/BOBC2R8RC5Lww==",
      "dependencies": {
        "@types/node": "*"
      }
    },
    "node_modules/antlr4ts": {
      "version": "0.5.0-alpha.4",
      "resolved": "https://registry.npmjs.org/antlr4ts/-/antlr4ts-0.5.0-alpha.4.tgz",
      "integrity": "sha512-WPQDt1B74OfPv/IMS2ekXAKkTZIHl88uMetg6q3OTqgFxZ/dxDXI0EWLyZid/1Pe6hTftyg5N7gel5wNAGxXyQ=="
    },
    "node_modules/async-mutex": {
      "version": "0.3.2",
      "resolved": "https://registry.npmjs.org/async-mutex/-/async-mutex-0.3.2.tgz",
      "integrity": "sha512-HuTK7E7MT7jZEh1P9GtRW9+aTWiDWWi9InbZ5hjxrnRa39KS4BW04+xLBhYNS2aXhHUIKZSw3gj4Pn1pj+qGAA==",
      "dependencies": {
        "tslib": "^2.3.1"
      }
    },
    "node_modules/cashc": {
      "version": "0.8.2",
      "resolved": "https://registry.npmjs.org/cashc/-/cashc-0.8.2.tgz",
      "integrity": "sha512-/yesfux9h9MyhVKM2XK5ms62jf4VYOMVG43crjX1vtF+iLkvr/8Ep/s6ucD+WMjiJF/grs+5MDJ1u3RnCiF1rA==",
      "dependencies": {
        "@bitauth/libauth": "^2.0.0-alpha.8",
        "@cashscript/utils": "^0.8.2",
        "antlr4ts": "^0.5.0-alpha.4",
        "commander": "^7.1.0",
        "semver": "^7.3.4"
      },
      "bin": {
        "cashc": "dist/cashc-cli.js"
      }
    },
    "node_modules/cashscript": {
      "version": "0.10.2",
      "resolved": "https://registry.npmjs.org/cashscript/-/cashscript-0.10.2.tgz",
      "integrity": "sha512-Bs1gRrcVaeBMiv2pg9C65X8OMVxtgTufG4wbEsyaFg5KUPDJDooa2G8yJnLgd7Z/EgKSHGgCMlJs4KYZvSfE5Q==",
      "dependencies": {
        "@bitauth/libauth": "^3.0.0",
        "@cashscript/utils": "^0.10.2",
        "@mr-zwets/bchn-api-wrapper": "^1.0.1",
        "delay": "^5.0.0",
        "electrum-cash": "^2.0.10",
        "fast-deep-equal": "^3.1.3",
        "pako": "^2.1.0"
      }
    },
    "node_modules/cashscript/node_modules/@bitauth/libauth": {
      "version": "3.0.0",
      "resolved": "https://registry.npmjs.org/@bitauth/libauth/-/libauth-3.0.0.tgz",
      "integrity": "sha512-3yoL31XpnhAnf5nDVMFk4xPqebxDwXrgYAwpa31ARJnV5A/eXWlpNYvCd6FTZPFM4VvKfjCBi+jRCrw1hOZ0Jg==",
      "engines": {
        "node": "^12.20.0 || ^14.13.1 || >=16.0.0"
      }
    },
    "node_modules/cashscript/node_modules/@cashscript/utils": {
      "version": "0.10.2",
      "resolved": "https://registry.npmjs.org/@cashscript/utils/-/utils-0.10.2.tgz",
      "integrity": "sha512-Wx0mMU8Hk7ZKVa1mKmHLsDkv3q5nfgb+uFHGUhlWoOREeDCwluGwhFHDNoe4DmyPrkz55k1KqqEGt0bd83TS0w==",
      "dependencies": {
        "@bitauth/libauth": "^3.0.0"
      }
    },
    "node_modules/cashscript/node_modules/@cashscript/utils/node_modules/@bitauth/libauth": {
      "version": "2.0.0-alpha.8",
      "resolved": "https://registry.npmjs.org/@bitauth/libauth/-/libauth-2.0.0-alpha.8.tgz",
      "integrity": "sha512-KINAJbzg5pKs+WM8wCjWw6Ct/CeZG1JMrRXsIyPFztjNtwA5eeQL8eFkyquePsf8aZ5peRYK2eFPUDo/1rkg+w==",
      "engines": {
        "node": "^12.20.0 || ^14.13.1 || >=16.0.0"
      }
    },
    "node_modules/commander": {
      "version": "7.2.0",
      "resolved": "https://registry.npmjs.org/commander/-/commander-7.2.0.tgz",
      "integrity": "sha512-QrWXB+ZQSVPmIWIhtEO9H+gwHaMGYiF5ChvoJ+K9ZGHG/sVsa6yiesAD1GC/x46sET00Xlwo1u49RVVVzvcSkw==",
      "engines": {
        "node": ">= 10"
      }
    },
    "node_modules/debug": {
      "version": "4.3.7",
      "resolved": "https://registry.npmjs.org/debug/-/debug-4.3.7.tgz",
      "integrity": "sha512-Er2nc/H7RrMXZBFCEim6TCmMk02Z8vLC2Rbi1KEBggpo0fS6l0S1nnapwmIi3yW/+GOJap1Krg4w0Hg80oCqgQ==",
      "dependencies": {
        "ms": "^2.1.3"
      },
      "engines": {
        "node": ">=6.0"
      },
      "peerDependenciesMeta": {
        "supports-color": {
          "optional": true
        }
      }
    },
    "node_modules/delay": {
      "version": "5.0.0",
      "resolved": "https://registry.npmjs.org/delay/-/delay-5.0.0.tgz",
      "integrity": "sha512-ReEBKkIfe4ya47wlPYf/gu5ib6yUG0/Aez0JQZQz94kiWtRQvZIQbTiehsnwHvLSWJnQdhVeqYue7Id1dKr0qw==",
      "engines": {
        "node": ">=10"
      },
      "funding": {
        "url": "https://github.com/sponsors/sindresorhus"
      }
    },
    "node_modules/electrum-cash": {
      "version": "2.0.10",
      "resolved": "https://registry.npmjs.org/electrum-cash/-/electrum-cash-2.0.10.tgz",
      "integrity": "sha512-xxKXWyDsnUR2pkqzb7r7ANf6yzlHO8+Rkq8HOFkKiH1tF1BJwyh6sDhGAy4lkTv2sU8Uv1em/itYZ5n2Cr6zaA==",
      "deprecated": "electrum cash packages have been moved to the @electrum-cash/* namespace.",
      "dependencies": {
        "@types/ws": "^7.4.6",
        "async-mutex": "^0.3.1",
        "debug": "^4.3.2",
        "isomorphic-ws": "^4.0.1",
        "ws": "^7.5.2"
      }
    },
    "node_modules/fast-deep-equal": {
      "version": "3.1.3",
      "resolved": "https://registry.npmjs.org/fast-deep-equal/-/fast-deep-equal-3.1.3.tgz",
      "integrity": "sha512-f3qQ9oQy9j2AhBe/H9VC91wLmKBCCU/gDOnKNAYG5hswO7BLKj09Hc5HYNz9cGI++xlpDCIgDaitVs03ATR84Q=="
    },
    "node_modules/hash.js": {
      "version": "1.1.7",
      "resolved": "https://registry.npmjs.org/hash.js/-/hash.js-1.1.7.tgz",
      "integrity": "sha512-taOaskGt4z4SOANNseOviYDvjEJinIkRgmp7LbKP2YTTmVxWBl87s/uzK9r+44BclBSp2X7K1hqeNfz9JbBeXA==",
      "dependencies": {
        "inherits": "^2.0.3",
        "minimalistic-assert": "^1.0.1"
      }
    },
    "node_modules/inherits": {
      "version": "2.0.4",
      "resolved": "https://registry.npmjs.org/inherits/-/inherits-2.0.4.tgz",
      "integrity": "sha512-k/vGaX4/Yla3WzyMCvTQOXYeIHvqOKtnqBduzTHpzpQZzAskKMhZ2K+EnBiSM9zGSoIFeMpXKxa4dYeZIQqewQ=="
    },
    "node_modules/isomorphic-ws": {
      "version": "4.0.1",
      "resolved": "https://registry.npmjs.org/isomorphic-ws/-/isomorphic-ws-4.0.1.tgz",
      "integrity": "sha512-BhBvN2MBpWTaSHdWRb/bwdZJ1WaehQ2L1KngkCkfLUGF0mAWAT1sQUQacEmQ0jXkFw/czDXPNQSL5u2/Krsz1w==",
      "peerDependencies": {
        "ws": "*"
      }
    },
    "node_modules/minimalistic-assert": {
      "version": "1.0.1",
      "resolved": "https://registry.npmjs.org/minimalistic-assert/-/minimalistic-assert-1.0.1.tgz",
      "integrity": "sha512-UtJcAD4yEaGtjPezWuO9wC4nwUnVH/8/Im3yEHQP4b67cXlD/Qr9hdITCU1xDbSEXg2XKNaP8jsReV7vQd00/A=="
    },
    "node_modules/ms": {
      "version": "2.1.3",
      "resolved": "https://registry.npmjs.org/ms/-/ms-2.1.3.tgz",
      "integrity": "sha512-6FlzubTLZG3J2a/NVCAleEhjzq5oxgHyaCU9yYXvcLsvoVaHJq/s5xXI6/XXP6tz7R9xAOtHnSO/tXtF3WRTlA=="
    },
    "node_modules/pako": {
      "version": "2.1.0",
      "resolved": "https://registry.npmjs.org/pako/-/pako-2.1.0.tgz",
      "integrity": "sha512-w+eufiZ1WuJYgPXbV/PO3NCMEc3xqylkKHzp8bxp1uW4qaSNQUkwmLLEc3kKsfz8lpV1F8Ht3U1Cm+9Srog2ug=="
    },
    "node_modules/semver": {
      "version": "7.6.3",
      "resolved": "https://registry.npmjs.org/semver/-/semver-7.6.3.tgz",
      "integrity": "sha512-oVekP1cKtI+CTDvHWYFUcMtsK/00wmAEfyqKfNdARm8u1wNVhSgaX7A8d4UuIlUI5e84iEwOhs7ZPYRmzU9U6A==",
      "bin": {
        "semver": "bin/semver.js"
      },
      "engines": {
        "node": ">=10"
      }
    },
    "node_modules/tslib": {
      "version": "2.8.1",
      "resolved": "https://registry.npmjs.org/tslib/-/tslib-2.8.1.tgz",
      "integrity": "sha512-oJFu94HQb+KVduSUQL7wnpmqnfmLsOA/nAh6b6EH0wCEoK0/mPeXU6c3wKDV83MkOuHPRHtSXKKU99IBazS/2w=="
    },
    "node_modules/undici-types": {
      "version": "6.19.8",
      "resolved": "https://registry.npmjs.org/undici-types/-/undici-types-6.19.8.tgz",
      "integrity": "sha512-ve2KP6f/JnbPBFyobGHuerC9g1FYGn/F8n1LWTwNxCEzd6IfqTwUQcNXgEtmmQ6DlRrC1hrSrBnCZPokRrDHjw=="
    },
    "node_modules/ws": {
      "version": "7.5.10",
      "resolved": "https://registry.npmjs.org/ws/-/ws-7.5.10.tgz",
      "integrity": "sha512-+dbF1tHwZpXcbOJdVOkzLDxZP1ailvSxM6ZweXTegylPny803bFhA+vqBYw4s31NSAk4S2Qz+AKXK9a4wkdjcQ==",
      "engines": {
        "node": ">=8.3.0"
      },
      "peerDependencies": {
        "bufferutil": "^4.0.1",
        "utf-8-validate": "^5.0.2"
      },
      "peerDependenciesMeta": {
        "bufferutil": {
          "optional": true
        },
        "utf-8-validate": {
          "optional": true
        }
      }
    }
  },
  "dependencies": {
    "@bitauth/libauth": {
      "version": "2.1.0",
      "resolved": "https://registry.npmjs.org/@bitauth/libauth/-/libauth-2.1.0.tgz",
      "integrity": "sha512-O0cIN7/UPUHg6gaWHuePXIYRkvNPrc3zHfi80guZkkO4Ke9nSaN5mSITqhC5lKFBwAakr6OSToClXHN/IxiOfA=="
    },
    "@cashscript/utils": {
      "version": "0.8.2",
      "resolved": "https://registry.npmjs.org/@cashscript/utils/-/utils-0.8.2.tgz",
      "integrity": "sha512-7yAmUpXMHnM78oRqLAar2vRu5rPH8lyk1QFdEtJzviacYQMrOzdDsWoqPSc963fwhYWtjx0nKfe9jafOqv5+vA==",
      "requires": {
        "@bitauth/libauth": "2.0.0-alpha.8",
        "hash.js": "^1.1.7"
      },
      "dependencies": {
        "@bitauth/libauth": {
          "version": "2.0.0-alpha.8",
          "resolved": "https://registry.npmjs.org/@bitauth/libauth/-/libauth-2.0.0-alpha.8.tgz",
          "integrity": "sha512-KINAJbzg5pKs+WM8wCjWw6Ct/CeZG1JMrRXsIyPFztjNtwA5eeQL8eFkyquePsf8aZ5peRYK2eFPUDo/1rkg+w=="
        }
      }
    },
    "@mr-zwets/bchn-api-wrapper": {
      "version": "1.0.1",
      "resolved": "https://registry.npmjs.org/@mr-zwets/bchn-api-wrapper/-/bchn-api-wrapper-1.0.1.tgz",
      "integrity": "sha512-EyKT6zgXh31JqTRsi+KCX04WPDjIqs80nfsafrKiUZTg8FgWzql1wSyYdggmeByB74yLHD0LouC40S8PMmvcZA=="
    },
    "@types/node": {
      "version": "22.8.7",
      "resolved": "https://registry.npmjs.org/@types/node/-/node-22.8.7.tgz",
      "integrity": "sha512-LidcG+2UeYIWcMuMUpBKOnryBWG/rnmOHQR5apjn8myTQcx3rinFRn7DcIFhMnS0PPFSC6OafdIKEad0lj6U0Q==",
      "requires": {
        "undici-types": "~6.19.8"
      }
    },
    "@types/ws": {
      "version": "7.4.7",
      "resolved": "https://registry.npmjs.org/@types/ws/-/ws-7.4.7.tgz",
      "integrity": "sha512-JQbbmxZTZehdc2iszGKs5oC3NFnjeay7mtAWrdt7qNtAVK0g19muApzAy4bm9byz79xa2ZnO/BOBC2R8RC5Lww==",
      "requires": {
        "@types/node": "*"
      }
    },
    "antlr4ts": {
      "version": "0.5.0-alpha.4",
      "resolved": "https://registry.npmjs.org/antlr4ts/-/antlr4ts-0.5.0-alpha.4.tgz",
      "integrity": "sha512-WPQDt1B74OfPv/IMS2ekXAKkTZIHl88uMetg6q3OTqgFxZ/dxDXI0EWLyZid/1Pe6hTftyg5N7gel5wNAGxXyQ=="
    },
    "async-mutex": {
      "version": "0.3.2",
      "resolved": "https://registry.npmjs.org/async-mutex/-/async-mutex-0.3.2.tgz",
      "integrity": "sha512-HuTK7E7MT7jZEh1P9GtRW9+aTWiDWWi9InbZ5hjxrnRa39KS4BW04+xLBhYNS2aXhHUIKZSw3gj4Pn1pj+qGAA==",
      "requires": {
        "tslib": "^2.3.1"
      }
    },
    "cashc": {
      "version": "0.8.2",
      "resolved": "https://registry.npmjs.org/cashc/-/cashc-0.8.2.tgz",
      "integrity": "sha512-/yesfux9h9MyhVKM2XK5ms62jf4VYOMVG43crjX1vtF+iLkvr/8Ep/s6ucD+WMjiJF/grs+5MDJ1u3RnCiF1rA==",
      "requires": {
        "@bitauth/libauth": "^2.0.0-alpha.8",
        "@cashscript/utils": "^0.8.2",
        "antlr4ts": "^0.5.0-alpha.4",
        "commander": "^7.1.0",
        "semver": "^7.3.4"
      }
    },
    "cashscript": {
      "version": "0.10.2",
      "resolved": "https://registry.npmjs.org/cashscript/-/cashscript-0.10.2.tgz",
      "integrity": "sha512-Bs1gRrcVaeBMiv2pg9C65X8OMVxtgTufG4wbEsyaFg5KUPDJDooa2G8yJnLgd7Z/EgKSHGgCMlJs4KYZvSfE5Q==",
      "requires": {
        "@bitauth/libauth": "^3.0.0",
        "@cashscript/utils": "^0.10.2",
        "@mr-zwets/bchn-api-wrapper": "^1.0.1",
        "delay": "^5.0.0",
        "electrum-cash": "^2.0.10",
        "fast-deep-equal": "^3.1.3",
        "pako": "^2.1.0"
      },
      "dependencies": {
        "@bitauth/libauth": {
          "version": "3.0.0",
          "resolved": "https://registry.npmjs.org/@bitauth/libauth/-/libauth-3.0.0.tgz",
          "integrity": "sha512-3yoL31XpnhAnf5nDVMFk4xPqebxDwXrgYAwpa31ARJnV5A/eXWlpNYvCd6FTZPFM4VvKfjCBi+jRCrw1hOZ0Jg=="
        },
        "@cashscript/utils": {
          "version": "0.10.2",
          "resolved": "https://registry.npmjs.org/@cashscript/utils/-/utils-0.10.2.tgz",
          "integrity": "sha512-Wx0mMU8Hk7ZKVa1mKmHLsDkv3q5nfgb+uFHGUhlWoOREeDCwluGwhFHDNoe4DmyPrkz55k1KqqEGt0bd83TS0w==",
          "requires": {
            "@bitauth/libauth": "2.0.0-alpha.8"
          },
          "dependencies": {
            "@bitauth/libauth": {
              "version": "2.0.0-alpha.8",
              "resolved": "https://registry.npmjs.org/@bitauth/libauth/-/libauth-2.0.0-alpha.8.tgz",
              "integrity": "sha512-KINAJbzg5pKs+WM8wCjWw6Ct/CeZG1JMrRXsIyPFztjNtwA5eeQL8eFkyquePsf8aZ5peRYK2eFPUDo/1rkg+w=="
            }
          }
        }
      }
    },
    "commander": {
      "version": "7.2.0",
      "resolved": "https://registry.npmjs.org/commander/-/commander-7.2.0.tgz",
      "integrity": "sha512-QrWXB+ZQSVPmIWIhtEO9H+gwHaMGYiF5ChvoJ+K9ZGHG/sVsa6yiesAD1GC/x46sET00Xlwo1u49RVVVzvcSkw=="
    },
    "debug": {
      "version": "4.3.7",
      "resolved": "https://registry.npmjs.org/debug/-/debug-4.3.7.tgz",
      "integrity": "sha512-Er2nc/H7RrMXZBFCEim6TCmMk02Z8vLC2Rbi1KEBggpo0fS6l0S1nnapwmIi3yW/+GOJap1Krg4w0Hg80oCqgQ==",
      "requires": {
        "ms": "^2.1.3"
      }
    },
    "delay": {
      "version": "5.0.0",
      "resolved": "https://registry.npmjs.org/delay/-/delay-5.0.0.tgz",
      "integrity": "sha512-ReEBKkIfe4ya47wlPYf/gu5ib6yUG0/Aez0JQZQz94kiWtRQvZIQbTiehsnwHvLSWJnQdhVeqYue7Id1dKr0qw=="
    },
    "electrum-cash": {
      "version": "2.0.10",
      "resolved": "https://registry.npmjs.org/electrum-cash/-/electrum-cash-2.0.10.tgz",
      "integrity": "sha512-xxKXWyDsnUR2pkqzb7r7ANf6yzlHO8+Rkq8HOFkKiH1tF1BJwyh6sDhGAy4lkTv2sU8Uv1em/itYZ5n2Cr6zaA==",
      "requires": {
        "@types/ws": "^7.4.6",
        "async-mutex": "^0.3.1",
        "debug": "^4.3.2",
        "isomorphic-ws": "^4.0.1",
        "ws": "^7.5.2"
      }
    },
    "fast-deep-equal": {
      "version": "3.1.3",
      "resolved": "https://registry.npmjs.org/fast-deep-equal/-/fast-deep-equal-3.1.3.tgz",
      "integrity": "sha512-f3qQ9oQy9j2AhBe/H9VC91wLmKBCCU/gDOnKNAYG5hswO7BLKj09Hc5HYNz9cGI++xlpDCIgDaitVs03ATR84Q=="
    },
    "hash.js": {
      "version": "1.1.7",
      "resolved": "https://registry.npmjs.org/hash.js/-/hash.js-1.1.7.tgz",
      "integrity": "sha512-taOaskGt4z4SOANNseOviYDvjEJinIkRgmp7LbKP2YTTmVxWBl87s/uzK9r+44BclBSp2X7K1hqeNfz9JbBeXA==",
      "requires": {
        "inherits": "^2.0.3",
        "minimalistic-assert": "^1.0.1"
      }
    },
    "inherits": {
      "version": "2.0.4",
      "resolved": "https://registry.npmjs.org/inherits/-/inherits-2.0.4.tgz",
      "integrity": "sha512-k/vGaX4/Yla3WzyMCvTQOXYeIHvqOKtnqBduzTHpzpQZzAskKMhZ2K+EnBiSM9zGSoIFeMpXKxa4dYeZIQqewQ=="
    },
    "isomorphic-ws": {
      "version": "4.0.1",
      "resolved": "https://registry.npmjs.org/isomorphic-ws/-/isomorphic-ws-4.0.1.tgz",
      "integrity": "sha512-BhBvN2MBpWTaSHdWRb/bwdZJ1WaehQ2L1KngkCkfLUGF0mAWAT1sQUQacEmQ0jXkFw/czDXPNQSL5u2/Krsz1w==",
      "requires": {}
    },
    "minimalistic-assert": {
      "version": "1.0.1",
      "resolved": "https://registry.npmjs.org/minimalistic-assert/-/minimalistic-assert-1.0.1.tgz",
      "integrity": "sha512-UtJcAD4yEaGtjPezWuO9wC4nwUnVH/8/Im3yEHQP4b67cXlD/Qr9hdITCU1xDbSEXg2XKNaP8jsReV7vQd00/A=="
    },
    "ms": {
      "version": "2.1.3",
      "resolved": "https://registry.npmjs.org/ms/-/ms-2.1.3.tgz",
      "integrity": "sha512-6FlzubTLZG3J2a/NVCAleEhjzq5oxgHyaCU9yYXvcLsvoVaHJq/s5xXI6/XXP6tz7R9xAOtHnSO/tXtF3WRTlA=="
    },
    "pako": {
      "version": "2.1.0",
      "resolved": "https://registry.npmjs.org/pako/-/pako-2.1.0.tgz",
      "integrity": "sha512-w+eufiZ1WuJYgPXbV/PO3NCMEc3xqylkKHzp8bxp1uW4qaSNQUkwmLLEc3kKsfz8lpV1F8Ht3U1Cm+9Srog2ug=="
    },
    "semver": {
      "version": "7.6.3",
      "resolved": "https://registry.npmjs.org/semver/-/semver-7.6.3.tgz",
      "integrity": "sha512-oVekP1cKtI+CTDvHWYFUcMtsK/00wmAEfyqKfNdARm8u1wNVhSgaX7A8d4UuIlUI5e84iEwOhs7ZPYRmzU9U6A=="
    },
    "tslib": {
      "version": "2.8.1",
      "resolved": "https://registry.npmjs.org/tslib/-/tslib-2.8.1.tgz",
      "integrity": "sha512-oJFu94HQb+KVduSUQL7wnpmqnfmLsOA/nAh6b6EH0wCEoK0/mPeXU6c3wKDV83MkOuHPRHtSXKKU99IBazS/2w=="
    },
    "undici-types": {
      "version": "6.19.8",
      "resolved": "https://registry.npmjs.org/undici-types/-/undici-types-6.19.8.tgz",
      "integrity": "sha512-ve2KP6f/JnbPBFyobGHuerC9g1FYGn/F8n1LWTwNxCEzd6IfqTwUQcNXgEtmmQ6DlRrC1hrSrBnCZPokRrDHjw=="
    },
    "ws": {
      "version": "7.5.10",
      "resolved": "https://registry.npmjs.org/ws/-/ws-7.5.10.tgz",
      "integrity": "sha512-+dbF1tHwZpXcbOJdVOkzLDxZP1ailvSxM6ZweXTegylPny803bFhA+vqBYw4s31NSAk4S2Qz+AKXK9a4wkdjcQ==",
      "requires": {}
    }
  }
}
