{
  "name": "js",
  "lockfileVersion": 2,
  "requires": true,
  "packages": {
    "": {
      "dependencies": {
        "@bitauth/libauth": "2.0.0-alpha.8",
        "@generalprotocols/anyhedge": "2.0.0-next.6536165483",
        "@generalprotocols/anyhedge-old": "npm:@generalprotocols/anyhedge@1.0.0-next.3670337504",
        "axios": "^0.27.2"
      }
    },
    "node_modules/@bitauth/libauth": {
      "version": "2.0.0-alpha.8",
      "resolved": "https://registry.npmjs.org/@bitauth/libauth/-/libauth-2.0.0-alpha.8.tgz",
      "integrity": "sha512-KINAJbzg5pKs+WM8wCjWw6Ct/CeZG1JMrRXsIyPFztjNtwA5eeQL8eFkyquePsf8aZ5peRYK2eFPUDo/1rkg+w==",
      "engines": {
        "node": "^12.20.0 || ^14.13.1 || >=16.0.0"
      }
    },
    "node_modules/@cashscript/utils": {
      "version": "0.9.3",
      "resolved": "https://registry.npmjs.org/@cashscript/utils/-/utils-0.9.3.tgz",
      "integrity": "sha512-WqFfEhg6vf1bhhPdM9sj3b+0gHHhY+W4u4HVTvEjHycVjlLk6x33zd0XEy2XpIzXXw8Vqu87VI0m7exIXY/OeQ==",
      "dependencies": {
        "@bitauth/libauth": "^2.0.0-alpha.8",
        "hash.js": "^1.1.7"
      }
    },
    "node_modules/@generalprotocols/anyhedge": {
      "version": "2.0.0-next.6536165483",
      "resolved": "https://registry.npmjs.org/@generalprotocols/anyhedge/-/anyhedge-2.0.0-next.6536165483.tgz",
      "integrity": "sha512-tPwWaGN0+yGGBcCEiYquf8fQGpxPAWUDkJ9LTNHoO6ML+4q7TuRhEuka1HbLzhoNUZpmyhZPqHNFkj0V679lOA==",
      "dependencies": {
        "@bitauth/libauth": "^2.0.0-alpha.8",
        "@generalprotocols/anyhedge-contracts": "^0.12.1-development.5461784800",
        "@generalprotocols/price-oracle": "^2.2.0-development.5964625527",
        "@types/shallow-equals": "^1.0.0",
        "cashscript": "0.9.2",
        "debug": "^4.3.2",
        "electrum-cash": "^2.0.10",
        "long": "^5.2.0",
        "shallow-equals": "^1.0.0"
      }
    },
    "node_modules/@generalprotocols/anyhedge-contracts": {
      "version": "0.12.1-development.5461784800",
      "resolved": "https://registry.npmjs.org/@generalprotocols/anyhedge-contracts/-/anyhedge-contracts-0.12.1-development.5461784800.tgz",
      "integrity": "sha512-tocsmla00eSn71Qie8Ew760pIShdDq/h0PxrFA8qVDlMEXSqsIGRw6Sjt5bMjj68J+ci5Clk5mYxI7XXQNDZcQ==",
      "dependencies": {
        "cashc": "^0.9.2",
        "cashscript": "^0.9.2"
      }
    },
    "node_modules/@generalprotocols/anyhedge-old": {
      "name": "@generalprotocols/anyhedge",
      "version": "1.0.0-next.3670337504",
      "resolved": "https://registry.npmjs.org/@generalprotocols/anyhedge/-/anyhedge-1.0.0-next.3670337504.tgz",
      "integrity": "sha512-ji7BevC/6RoInSy/CJzgSql9KAYnVYQOfO/78R5UjGi1zLO4xLyCtn6HfJdYYCoehPyED1DEREXqCd/wjOXDvw==",
      "dependencies": {
        "@bitauth/libauth": "^2.0.0-alpha.6",
        "@generalprotocols/anyhedge-contracts": "^0.11.1",
        "@generalprotocols/price-oracle": "^2.1.0-development.3454328434",
        "@types/shallow-equals": "^1.0.0",
        "cashscript": "^0.7.1",
        "debug": "^4.3.2",
        "electrum-cash": "^2.0.10",
        "long": "^5.2.0",
        "node-fetch": "^3.2.4",
        "shallow-equals": "^1.0.0"
      }
    },
    "node_modules/@generalprotocols/anyhedge-old/node_modules/@cashscript/utils": {
      "version": "0.7.6",
      "resolved": "https://registry.npmjs.org/@cashscript/utils/-/utils-0.7.6.tgz",
      "integrity": "sha512-COrOG6w3phQKHJ8IScCSXH+qm3nTracd5cQfIkn8uLjFOVhkCx/17pTFJhJ5somf24PJpI3HN7p6tq+wTg1BCA==",
      "dependencies": {
        "@bitauth/libauth": "^1.18.1",
        "hash.js": "^1.1.7"
      }
    },
    "node_modules/@generalprotocols/anyhedge-old/node_modules/@cashscript/utils/node_modules/@bitauth/libauth": {
      "version": "1.19.1",
      "resolved": "https://registry.npmjs.org/@bitauth/libauth/-/libauth-1.19.1.tgz",
      "integrity": "sha512-R524tD5VwOt3QRHr7N518nqTVR/HKgfWL4LypekcGuNQN8R4PWScvuRcRzrY39A28kLztMv+TJdiKuMNbkU1ug==",
      "engines": {
        "node": ">=8.9"
      }
    },
    "node_modules/@generalprotocols/anyhedge-old/node_modules/@generalprotocols/anyhedge-contracts": {
      "version": "0.11.1",
      "resolved": "https://registry.npmjs.org/@generalprotocols/anyhedge-contracts/-/anyhedge-contracts-0.11.1.tgz",
      "integrity": "sha512-LRuYwhp3GVncyFHNw1izzHHb6xqGxPOzj6hpjq9ZSC37mEwFA0XwhjucUt/6sEBKVMV3azx2Fv0d7Axpuckl9g==",
      "dependencies": {
        "cashc": "^0.7.0",
        "cashscript": "^0.7.0"
      }
    },
    "node_modules/@generalprotocols/anyhedge-old/node_modules/@generalprotocols/price-oracle": {
      "version": "2.1.0-development.4645117701",
      "resolved": "https://registry.npmjs.org/@generalprotocols/price-oracle/-/price-oracle-2.1.0-development.4645117701.tgz",
      "integrity": "sha512-iePOipglrlvie3DbUjhHEPhv++AdP3H7z0yOs/LaW+gYuc7llTw6j4wT3a7nzWi3lnSa06wNCLUQM+J4pLyCcA==",
      "dependencies": {
        "@bitauth/libauth": "^2.0.0-alpha.6",
        "async-mutex": "^0.4.0",
        "debug": "^4.3.3",
        "json-arraybuffer-reviver": "^1.0.3"
      },
      "optionalDependencies": {
        "zeromq": "6.0.0-beta.6"
      }
    },
    "node_modules/@generalprotocols/anyhedge-old/node_modules/cashc": {
      "version": "0.7.6",
      "resolved": "https://registry.npmjs.org/cashc/-/cashc-0.7.6.tgz",
      "integrity": "sha512-/P751jLeT5RErtQelq/wv0//EYypUyjx6yDyZDHRsHLvJR6m3+eMZDY/kg5n0kX3/nP7uem79JhXerxTisH/kg==",
      "dependencies": {
        "@bitauth/libauth": "^1.18.1",
        "@cashscript/utils": "^0.7.6",
        "antlr4ts": "^0.5.0-alpha.4",
        "commander": "^7.1.0",
        "semver": "^7.3.4"
      },
      "bin": {
        "cashc": "dist/main/cashc-cli.js"
      }
    },
    "node_modules/@generalprotocols/anyhedge-old/node_modules/cashc/node_modules/@bitauth/libauth": {
      "version": "1.19.1",
      "resolved": "https://registry.npmjs.org/@bitauth/libauth/-/libauth-1.19.1.tgz",
      "integrity": "sha512-R524tD5VwOt3QRHr7N518nqTVR/HKgfWL4LypekcGuNQN8R4PWScvuRcRzrY39A28kLztMv+TJdiKuMNbkU1ug==",
      "engines": {
        "node": ">=8.9"
      }
    },
    "node_modules/@generalprotocols/anyhedge-old/node_modules/cashscript": {
      "version": "0.7.6",
      "resolved": "https://registry.npmjs.org/cashscript/-/cashscript-0.7.6.tgz",
      "integrity": "sha512-g0xOgbBCwlYqEyi6tK7fIAcy/hIBTwPak0nGvZk63faHZtI2ITlElrFD8LHgZy/NXAKAV4nThrc6Rg40JU8gNA==",
      "dependencies": {
        "@bitauth/libauth": "^1.18.1",
        "@cashscript/utils": "^0.7.6",
        "bip68": "^1.0.4",
        "bitcoin-rpc-promise-retry": "^1.3.0",
        "delay": "^5.0.0",
        "electrum-cash": "^2.0.10"
      }
    },
    "node_modules/@generalprotocols/anyhedge-old/node_modules/cashscript/node_modules/@bitauth/libauth": {
      "version": "1.19.1",
      "resolved": "https://registry.npmjs.org/@bitauth/libauth/-/libauth-1.19.1.tgz",
      "integrity": "sha512-R524tD5VwOt3QRHr7N518nqTVR/HKgfWL4LypekcGuNQN8R4PWScvuRcRzrY39A28kLztMv+TJdiKuMNbkU1ug==",
      "engines": {
        "node": ">=8.9"
      }
    },
    "node_modules/@generalprotocols/price-oracle": {
      "version": "2.2.0-development.5964625527",
      "resolved": "https://registry.npmjs.org/@generalprotocols/price-oracle/-/price-oracle-2.2.0-development.5964625527.tgz",
      "integrity": "sha512-pgLyAytt1yu5STdUq0TxPersWCazLguubQJPh6Kz6F0fE7ycDC8I/tN0tLTVr4Xq0lF8KJB97Lte2ciRIBEvHQ==",
      "dependencies": {
        "@bitauth/libauth": "^2.0.0-alpha.6",
        "async-mutex": "^0.4.0",
        "debug": "^4.3.3",
        "json-arraybuffer-reviver": "^1.0.3"
      },
      "optionalDependencies": {
        "zeromq": "6.0.0-beta.6"
      }
    },
    "node_modules/@types/node": {
      "version": "20.12.7",
      "resolved": "https://registry.npmjs.org/@types/node/-/node-20.12.7.tgz",
      "integrity": "sha512-wq0cICSkRLVaf3UGLMGItu/PtdY7oaXaI/RVU+xliKVOtRna3PRY57ZDfztpDL0n11vfymMUnXv8QwYCO7L1wg==",
      "dependencies": {
        "undici-types": "~5.26.4"
      }
    },
    "node_modules/@types/shallow-equals": {
      "version": "1.0.3",
      "resolved": "https://registry.npmjs.org/@types/shallow-equals/-/shallow-equals-1.0.3.tgz",
      "integrity": "sha512-xZx/hZsf1p9J5lGN/nGTsuW/chJCdlyGxilwg1TS78rygBCU5bpY50zZiFcIimlnl0p41kAyaASsy0bqU7WyBA=="
    },
    "node_modules/@types/ws": {
      "version": "7.4.7",
      "resolved": "https://registry.npmjs.org/@types/ws/-/ws-7.4.7.tgz",
      "integrity": "sha512-JQbbmxZTZehdc2iszGKs5oC3NFnjeay7mtAWrdt7qNtAVK0g19muApzAy4bm9byz79xa2ZnO/BOBC2R8RC5Lww==",
      "dependencies": {
        "@types/node": "*"
      }
    },
    "node_modules/antlr4": {
      "version": "4.13.1-patch-1",
      "resolved": "https://registry.npmjs.org/antlr4/-/antlr4-4.13.1-patch-1.tgz",
      "integrity": "sha512-OjFLWWLzDMV9rdFhpvroCWR4ooktNg9/nvVYSA5z28wuVpU36QUNuioR1XLnQtcjVlf8npjyz593PxnU/f/Cow==",
      "engines": {
        "node": ">=16"
      }
    },
    "node_modules/antlr4ts": {
      "version": "0.5.0-alpha.4",
      "resolved": "https://registry.npmjs.org/antlr4ts/-/antlr4ts-0.5.0-alpha.4.tgz",
      "integrity": "sha512-WPQDt1B74OfPv/IMS2ekXAKkTZIHl88uMetg6q3OTqgFxZ/dxDXI0EWLyZid/1Pe6hTftyg5N7gel5wNAGxXyQ=="
    },
    "node_modules/async-mutex": {
      "version": "0.4.1",
      "resolved": "https://registry.npmjs.org/async-mutex/-/async-mutex-0.4.1.tgz",
      "integrity": "sha512-WfoBo4E/TbCX1G95XTjbWTE3X2XLG0m1Xbv2cwOtuPdyH9CZvnaA5nCt1ucjaKEgW2A5IF71hxrRhr83Je5xjA==",
      "dependencies": {
        "tslib": "^2.4.0"
      }
    },
    "node_modules/asynckit": {
      "version": "0.4.0",
      "resolved": "https://registry.npmjs.org/asynckit/-/asynckit-0.4.0.tgz",
      "integrity": "sha512-Oei9OH4tRh0YqU3GxhX79dM/mwVgvbZJaSNaRk+bshkj0S5cfHcgYakreBjrHwatXKbz+IoIdYLxrKim2MjW0Q=="
    },
    "node_modules/axios": {
      "version": "0.27.2",
      "resolved": "https://registry.npmjs.org/axios/-/axios-0.27.2.tgz",
      "integrity": "sha512-t+yRIyySRTp/wua5xEr+z1q60QmLq8ABsS5O9Me1AsE5dfKqgnCFzwiCZZ/cGNd1lq4/7akDWMxdhVlucjmnOQ==",
      "dependencies": {
        "follow-redirects": "^1.14.9",
        "form-data": "^4.0.0"
      }
    },
    "node_modules/bip68": {
      "version": "1.0.4",
      "resolved": "https://registry.npmjs.org/bip68/-/bip68-1.0.4.tgz",
      "integrity": "sha512-O1htyufFTYy3EO0JkHg2CLykdXEtV2ssqw47Gq9A0WByp662xpJnMEB9m43LZjsSDjIAOozWRExlFQk2hlV1XQ==",
      "engines": {
        "node": ">=4.5.0"
      }
    },
    "node_modules/bitcoin-rpc-promise-retry": {
      "version": "1.3.0",
      "resolved": "https://registry.npmjs.org/bitcoin-rpc-promise-retry/-/bitcoin-rpc-promise-retry-1.3.0.tgz",
      "integrity": "sha512-xhldBhYwiUNY4spzkXXcU9LEq+nbSKJ5tvYWEUe/XTCe1VYoe8tEb5jJq4MBA2d+5egiUOA+P1QTTYm1FqPtOg==",
      "dependencies": {
        "bitcoind-rpc": "^0.8.0"
      }
    },
    "node_modules/bitcoind-rpc": {
      "version": "0.8.1",
      "resolved": "https://registry.npmjs.org/bitcoind-rpc/-/bitcoind-rpc-0.8.1.tgz",
      "integrity": "sha512-NfhykAT/x/P1SOiog8UzltvTiv6A6d2X5VWJ3UjGeAqFLXv+IYHy+E4fFCBmgQRyIb1EIcyIZK1SVpSOGRHsaw=="
    },
    "node_modules/cashc": {
      "version": "0.9.3",
      "resolved": "https://registry.npmjs.org/cashc/-/cashc-0.9.3.tgz",
      "integrity": "sha512-z3wz5UpaPrpehIoqcoOU419FcGUy/nzMJ7x9k5BJqlU8V6Kh0vytPPetudnAFSWKdiuvUJ5oIZJAeXUaDHpf0g==",
      "dependencies": {
        "@bitauth/libauth": "^2.0.0-alpha.8",
        "@cashscript/utils": "^0.9.3",
        "antlr4": "^4.13.1-patch-1",
        "commander": "^7.1.0",
        "semver": "^7.3.4"
      },
      "bin": {
        "cashc": "dist/cashc-cli.js"
      }
    },
    "node_modules/cashscript": {
      "version": "0.9.2",
      "resolved": "https://registry.npmjs.org/cashscript/-/cashscript-0.9.2.tgz",
      "integrity": "sha512-IxvcJluRAoWA8ruQXsvOgmDeuyXc4DnwDF2UfU3l6/0fn5HQkLLVhH5hroc/TbExKWQPBEwR3Nql7aTQhPb9vA==",
      "dependencies": {
        "@bitauth/libauth": "^2.0.0-alpha.8",
        "@cashscript/utils": "^0.9.2",
        "bip68": "^1.0.4",
        "bitcoin-rpc-promise-retry": "^1.3.0",
        "delay": "^5.0.0",
        "electrum-cash": "^2.0.10",
        "fast-deep-equal": "^3.1.3"
      }
    },
    "node_modules/combined-stream": {
      "version": "1.0.8",
      "resolved": "https://registry.npmjs.org/combined-stream/-/combined-stream-1.0.8.tgz",
      "integrity": "sha512-FQN4MRfuJeHf7cBbBMJFXhKSDq+2kAArBlmRBvcvFE5BB1HZKXtSFASDhdlz9zOYwxh8lDdnvmMOe/+5cdoEdg==",
      "dependencies": {
        "delayed-stream": "~1.0.0"
      },
      "engines": {
        "node": ">= 0.8"
      }
    },
    "node_modules/commander": {
      "version": "7.2.0",
      "resolved": "https://registry.npmjs.org/commander/-/commander-7.2.0.tgz",
      "integrity": "sha512-QrWXB+ZQSVPmIWIhtEO9H+gwHaMGYiF5ChvoJ+K9ZGHG/sVsa6yiesAD1GC/x46sET00Xlwo1u49RVVVzvcSkw==",
      "engines": {
        "node": ">= 10"
      }
    },
    "node_modules/data-uri-to-buffer": {
      "version": "4.0.1",
      "resolved": "https://registry.npmjs.org/data-uri-to-buffer/-/data-uri-to-buffer-4.0.1.tgz",
      "integrity": "sha512-0R9ikRb668HB7QDxT1vkpuUBtqc53YyAwMwGeUFKRojY/NWKvdZ+9UYtRfGmhqNbRkTSVpMbmyhXipFFv2cb/A==",
      "engines": {
        "node": ">= 12"
      }
    },
    "node_modules/debug": {
      "version": "4.3.4",
      "resolved": "https://registry.npmjs.org/debug/-/debug-4.3.4.tgz",
      "integrity": "sha512-PRWFHuSU3eDtQJPvnNY7Jcket1j0t5OuOsFzPPzsekD52Zl8qUfFIPEiswXqIvHWGVHOgX+7G/vCNNhehwxfkQ==",
      "dependencies": {
        "ms": "2.1.2"
      },
      "engines": {
        "node": ">=6.0"
      },
      "peerDependenciesMeta": {
        "supports-color": {
          "optional": true
        }
      }
    },
    "node_modules/delay": {
      "version": "5.0.0",
      "resolved": "https://registry.npmjs.org/delay/-/delay-5.0.0.tgz",
      "integrity": "sha512-ReEBKkIfe4ya47wlPYf/gu5ib6yUG0/Aez0JQZQz94kiWtRQvZIQbTiehsnwHvLSWJnQdhVeqYue7Id1dKr0qw==",
      "engines": {
        "node": ">=10"
      },
      "funding": {
        "url": "https://github.com/sponsors/sindresorhus"
      }
    },
    "node_modules/delayed-stream": {
      "version": "1.0.0",
      "resolved": "https://registry.npmjs.org/delayed-stream/-/delayed-stream-1.0.0.tgz",
      "integrity": "sha512-ZySD7Nf91aLB0RxL4KGrKHBXl7Eds1DAmEdcoVawXnLD7SDhpNgtuII2aAkg7a7QS41jxPSZ17p4VdGnMHk3MQ==",
      "engines": {
        "node": ">=0.4.0"
      }
    },
    "node_modules/electrum-cash": {
      "version": "2.0.10",
      "resolved": "https://registry.npmjs.org/electrum-cash/-/electrum-cash-2.0.10.tgz",
      "integrity": "sha512-xxKXWyDsnUR2pkqzb7r7ANf6yzlHO8+Rkq8HOFkKiH1tF1BJwyh6sDhGAy4lkTv2sU8Uv1em/itYZ5n2Cr6zaA==",
      "dependencies": {
        "@types/ws": "^7.4.6",
        "async-mutex": "^0.3.1",
        "debug": "^4.3.2",
        "isomorphic-ws": "^4.0.1",
        "ws": "^7.5.2"
      }
    },
    "node_modules/electrum-cash/node_modules/async-mutex": {
      "version": "0.3.2",
      "resolved": "https://registry.npmjs.org/async-mutex/-/async-mutex-0.3.2.tgz",
      "integrity": "sha512-HuTK7E7MT7jZEh1P9GtRW9+aTWiDWWi9InbZ5hjxrnRa39KS4BW04+xLBhYNS2aXhHUIKZSw3gj4Pn1pj+qGAA==",
      "dependencies": {
        "tslib": "^2.3.1"
      }
    },
    "node_modules/fast-deep-equal": {
      "version": "3.1.3",
      "resolved": "https://registry.npmjs.org/fast-deep-equal/-/fast-deep-equal-3.1.3.tgz",
      "integrity": "sha512-f3qQ9oQy9j2AhBe/H9VC91wLmKBCCU/gDOnKNAYG5hswO7BLKj09Hc5HYNz9cGI++xlpDCIgDaitVs03ATR84Q=="
    },
    "node_modules/fetch-blob": {
      "version": "3.2.0",
      "resolved": "https://registry.npmjs.org/fetch-blob/-/fetch-blob-3.2.0.tgz",
      "integrity": "sha512-7yAQpD2UMJzLi1Dqv7qFYnPbaPx7ZfFK6PiIxQ4PfkGPyNyl2Ugx+a/umUonmKqjhM4DnfbMvdX6otXq83soQQ==",
      "funding": [
        {
          "type": "github",
          "url": "https://github.com/sponsors/jimmywarting"
        },
        {
          "type": "paypal",
          "url": "https://paypal.me/jimmywarting"
        }
      ],
      "dependencies": {
        "node-domexception": "^1.0.0",
        "web-streams-polyfill": "^3.0.3"
      },
      "engines": {
        "node": "^12.20 || >= 14.13"
      }
    },
    "node_modules/follow-redirects": {
      "version": "1.15.6",
      "resolved": "https://registry.npmjs.org/follow-redirects/-/follow-redirects-1.15.6.tgz",
      "integrity": "sha512-wWN62YITEaOpSK584EZXJafH1AGpO8RVgElfkuXbTOrPX4fIfOyEpW/CsiNd8JdYrAoOvafRTOEnvsO++qCqFA==",
      "funding": [
        {
          "type": "individual",
          "url": "https://github.com/sponsors/RubenVerborgh"
        }
      ],
      "engines": {
        "node": ">=4.0"
      },
      "peerDependenciesMeta": {
        "debug": {
          "optional": true
        }
      }
    },
    "node_modules/form-data": {
      "version": "4.0.0",
      "resolved": "https://registry.npmjs.org/form-data/-/form-data-4.0.0.tgz",
      "integrity": "sha512-ETEklSGi5t0QMZuiXoA/Q6vcnxcLQP5vdugSpuAyi6SVGi2clPPp+xgEhuMaHC+zGgn31Kd235W35f7Hykkaww==",
      "dependencies": {
        "asynckit": "^0.4.0",
        "combined-stream": "^1.0.8",
        "mime-types": "^2.1.12"
      },
      "engines": {
        "node": ">= 6"
      }
    },
    "node_modules/formdata-polyfill": {
      "version": "4.0.10",
      "resolved": "https://registry.npmjs.org/formdata-polyfill/-/formdata-polyfill-4.0.10.tgz",
      "integrity": "sha512-buewHzMvYL29jdeQTVILecSaZKnt/RJWjoZCF5OW60Z67/GmSLBkOFM7qh1PI3zFNtJbaZL5eQu1vLfazOwj4g==",
      "dependencies": {
        "fetch-blob": "^3.1.2"
      },
      "engines": {
        "node": ">=12.20.0"
      }
    },
    "node_modules/hash.js": {
      "version": "1.1.7",
      "resolved": "https://registry.npmjs.org/hash.js/-/hash.js-1.1.7.tgz",
      "integrity": "sha512-taOaskGt4z4SOANNseOviYDvjEJinIkRgmp7LbKP2YTTmVxWBl87s/uzK9r+44BclBSp2X7K1hqeNfz9JbBeXA==",
      "dependencies": {
        "inherits": "^2.0.3",
        "minimalistic-assert": "^1.0.1"
      }
    },
    "node_modules/inherits": {
      "version": "2.0.4",
      "resolved": "https://registry.npmjs.org/inherits/-/inherits-2.0.4.tgz",
      "integrity": "sha512-k/vGaX4/Yla3WzyMCvTQOXYeIHvqOKtnqBduzTHpzpQZzAskKMhZ2K+EnBiSM9zGSoIFeMpXKxa4dYeZIQqewQ=="
    },
    "node_modules/isomorphic-ws": {
      "version": "4.0.1",
      "resolved": "https://registry.npmjs.org/isomorphic-ws/-/isomorphic-ws-4.0.1.tgz",
      "integrity": "sha512-BhBvN2MBpWTaSHdWRb/bwdZJ1WaehQ2L1KngkCkfLUGF0mAWAT1sQUQacEmQ0jXkFw/czDXPNQSL5u2/Krsz1w==",
      "peerDependencies": {
        "ws": "*"
      }
    },
    "node_modules/json-arraybuffer-reviver": {
      "version": "1.0.3",
      "resolved": "https://registry.npmjs.org/json-arraybuffer-reviver/-/json-arraybuffer-reviver-1.0.3.tgz",
      "integrity": "sha512-5mJgAqB1UqkL9cXyexrrC4j9xATYIwIkSZM3sOdKv9Q7TKCV5NfN9Md8+U7BL5cMgHu8yZAj3TWNJtbt3cH+BQ==",
      "dependencies": {
        "@bitauth/libauth": "^2.0.0-alpha.6"
      }
    },
    "node_modules/long": {
      "version": "5.2.3",
      "resolved": "https://registry.npmjs.org/long/-/long-5.2.3.tgz",
      "integrity": "sha512-lcHwpNoggQTObv5apGNCTdJrO69eHOZMi4BNC+rTLER8iHAqGrUVeLh/irVIM7zTw2bOXA8T6uNPeujwOLg/2Q=="
    },
    "node_modules/lru-cache": {
      "version": "6.0.0",
      "resolved": "https://registry.npmjs.org/lru-cache/-/lru-cache-6.0.0.tgz",
      "integrity": "sha512-Jo6dJ04CmSjuznwJSS3pUeWmd/H0ffTlkXXgwZi+eq1UCmqQwCh+eLsYOYCwY991i2Fah4h1BEMCx4qThGbsiA==",
      "dependencies": {
        "yallist": "^4.0.0"
      },
      "engines": {
        "node": ">=10"
      }
    },
    "node_modules/mime-db": {
      "version": "1.52.0",
      "resolved": "https://registry.npmjs.org/mime-db/-/mime-db-1.52.0.tgz",
      "integrity": "sha512-sPU4uV7dYlvtWJxwwxHD0PuihVNiE7TyAbQ5SWxDCB9mUYvOgroQOwYQQOKPJ8CIbE+1ETVlOoK1UC2nU3gYvg==",
      "engines": {
        "node": ">= 0.6"
      }
    },
    "node_modules/mime-types": {
      "version": "2.1.35",
      "resolved": "https://registry.npmjs.org/mime-types/-/mime-types-2.1.35.tgz",
      "integrity": "sha512-ZDY+bPm5zTTF+YpCrAU9nK0UgICYPT0QtT1NZWFv4s++TNkcgVaT0g6+4R2uI4MjQjzysHB1zxuWL50hzaeXiw==",
      "dependencies": {
        "mime-db": "1.52.0"
      },
      "engines": {
        "node": ">= 0.6"
      }
    },
    "node_modules/minimalistic-assert": {
      "version": "1.0.1",
      "resolved": "https://registry.npmjs.org/minimalistic-assert/-/minimalistic-assert-1.0.1.tgz",
      "integrity": "sha512-UtJcAD4yEaGtjPezWuO9wC4nwUnVH/8/Im3yEHQP4b67cXlD/Qr9hdITCU1xDbSEXg2XKNaP8jsReV7vQd00/A=="
    },
    "node_modules/ms": {
      "version": "2.1.2",
      "resolved": "https://registry.npmjs.org/ms/-/ms-2.1.2.tgz",
      "integrity": "sha512-sGkPx+VjMtmA6MX27oA4FBFELFCZZ4S4XqeGOXCv68tT+jb3vk/RyaKWP0PTKyWtmLSM0b+adUTEvbs1PEaH2w=="
    },
    "node_modules/node-domexception": {
      "version": "1.0.0",
      "resolved": "https://registry.npmjs.org/node-domexception/-/node-domexception-1.0.0.tgz",
      "integrity": "sha512-/jKZoMpw0F8GRwl4/eLROPA3cfcXtLApP0QzLmUT/HuPCZWyB7IY9ZrMeKw2O/nFIqPQB3PVM9aYm0F312AXDQ==",
      "funding": [
        {
          "type": "github",
          "url": "https://github.com/sponsors/jimmywarting"
        },
        {
          "type": "github",
          "url": "https://paypal.me/jimmywarting"
        }
      ],
      "engines": {
        "node": ">=10.5.0"
      }
    },
    "node_modules/node-fetch": {
      "version": "3.3.2",
      "resolved": "https://registry.npmjs.org/node-fetch/-/node-fetch-3.3.2.tgz",
      "integrity": "sha512-dRB78srN/l6gqWulah9SrxeYnxeddIG30+GOqK/9OlLVyLg3HPnr6SqOWTWOXKRwC2eGYCkZ59NNuSgvSrpgOA==",
      "dependencies": {
        "data-uri-to-buffer": "^4.0.0",
        "fetch-blob": "^3.1.4",
        "formdata-polyfill": "^4.0.10"
      },
      "engines": {
        "node": "^12.20.0 || ^14.13.1 || >=16.0.0"
      },
      "funding": {
        "type": "opencollective",
        "url": "https://opencollective.com/node-fetch"
      }
    },
    "node_modules/node-gyp-build": {
      "version": "4.8.0",
      "resolved": "https://registry.npmjs.org/node-gyp-build/-/node-gyp-build-4.8.0.tgz",
      "integrity": "sha512-u6fs2AEUljNho3EYTJNBfImO5QTo/J/1Etd+NVdCj7qWKUSN/bSLkZwhDv7I+w/MSC6qJ4cknepkAYykDdK8og==",
      "optional": true,
      "bin": {
        "node-gyp-build": "bin.js",
        "node-gyp-build-optional": "optional.js",
        "node-gyp-build-test": "build-test.js"
      }
    },
    "node_modules/semver": {
      "version": "7.6.0",
      "resolved": "https://registry.npmjs.org/semver/-/semver-7.6.0.tgz",
      "integrity": "sha512-EnwXhrlwXMk9gKu5/flx5sv/an57AkRplG3hTK68W7FRDN+k+OWBj65M7719OkA82XLBxrcX0KSHj+X5COhOVg==",
      "dependencies": {
        "lru-cache": "^6.0.0"
      },
      "bin": {
        "semver": "bin/semver.js"
      },
      "engines": {
        "node": ">=10"
      }
    },
    "node_modules/shallow-equals": {
      "version": "1.0.0",
      "resolved": "https://registry.npmjs.org/shallow-equals/-/shallow-equals-1.0.0.tgz",
      "integrity": "sha512-xd/FKcdmfmMbyYCca3QTVEJtqUOGuajNzvAX6nt8dXILwjAIEkfHc4hI8/JMGApAmb7VeULO0Q30NTxnbH/15g=="
    },
    "node_modules/tslib": {
      "version": "2.6.2",
      "resolved": "https://registry.npmjs.org/tslib/-/tslib-2.6.2.tgz",
      "integrity": "sha512-AEYxH93jGFPn/a2iVAwW87VuUIkR1FVUKB77NwMF7nBTDkDrrT/Hpt/IrCJ0QXhW27jTBDcf5ZY7w6RiqTMw2Q=="
    },
    "node_modules/undici-types": {
      "version": "5.26.5",
      "resolved": "https://registry.npmjs.org/undici-types/-/undici-types-5.26.5.tgz",
      "integrity": "sha512-JlCMO+ehdEIKqlFxk6IfVoAUVmgz7cU7zD/h9XZ0qzeosSHmUJVOzSQvvYSYWXkFXC+IfLKSIffhv0sVZup6pA=="
    },
    "node_modules/web-streams-polyfill": {
      "version": "3.3.3",
      "resolved": "https://registry.npmjs.org/web-streams-polyfill/-/web-streams-polyfill-3.3.3.tgz",
      "integrity": "sha512-d2JWLCivmZYTSIoge9MsgFCZrt571BikcWGYkjC1khllbTeDlGqZ2D8vD8E/lJa8WGWbb7Plm8/XJYV7IJHZZw==",
      "engines": {
        "node": ">= 8"
      }
    },
    "node_modules/ws": {
      "version": "7.5.9",
      "resolved": "https://registry.npmjs.org/ws/-/ws-7.5.9.tgz",
      "integrity": "sha512-F+P9Jil7UiSKSkppIiD94dN07AwvFixvLIj1Og1Rl9GGMuNipJnV9JzjD6XuqmAeiswGvUmNLjr5cFuXwNS77Q==",
      "engines": {
        "node": ">=8.3.0"
      },
      "peerDependencies": {
        "bufferutil": "^4.0.1",
        "utf-8-validate": "^5.0.2"
      },
      "peerDependenciesMeta": {
        "bufferutil": {
          "optional": true
        },
        "utf-8-validate": {
          "optional": true
        }
      }
    },
    "node_modules/yallist": {
      "version": "4.0.0",
      "resolved": "https://registry.npmjs.org/yallist/-/yallist-4.0.0.tgz",
      "integrity": "sha512-3wdGidZyq5PB084XLES5TpOSRA3wjXAlIWMhum2kRcv/41Sn2emQ0dycQW4uZXLejwKvg6EsvbdlVL+FYEct7A=="
    },
    "node_modules/zeromq": {
      "version": "6.0.0-beta.6",
      "resolved": "https://registry.npmjs.org/zeromq/-/zeromq-6.0.0-beta.6.tgz",
      "integrity": "sha512-wLf6M7pBHijl+BRltUL2VoDpgbQcOZetiX8UzycHL8CcYFxYnRrpoG5fi3UX3+Umavz1lk4/dGaQez8qiDgr/Q==",
      "hasInstallScript": true,
      "optional": true,
      "dependencies": {
        "node-gyp-build": "^4.1.0"
      },
      "engines": {
        "node": ">= 10.2"
      }
    }
  },
  "dependencies": {
    "@bitauth/libauth": {
      "version": "2.0.0-alpha.8",
      "resolved": "https://registry.npmjs.org/@bitauth/libauth/-/libauth-2.0.0-alpha.8.tgz",
      "integrity": "sha512-KINAJbzg5pKs+WM8wCjWw6Ct/CeZG1JMrRXsIyPFztjNtwA5eeQL8eFkyquePsf8aZ5peRYK2eFPUDo/1rkg+w=="
    },
    "@cashscript/utils": {
      "version": "0.9.3",
      "resolved": "https://registry.npmjs.org/@cashscript/utils/-/utils-0.9.3.tgz",
      "integrity": "sha512-WqFfEhg6vf1bhhPdM9sj3b+0gHHhY+W4u4HVTvEjHycVjlLk6x33zd0XEy2XpIzXXw8Vqu87VI0m7exIXY/OeQ==",
      "requires": {
        "@bitauth/libauth": "^2.0.0-alpha.8",
        "hash.js": "^1.1.7"
      }
    },
    "@generalprotocols/anyhedge": {
      "version": "2.0.0-next.6536165483",
      "resolved": "https://registry.npmjs.org/@generalprotocols/anyhedge/-/anyhedge-2.0.0-next.6536165483.tgz",
      "integrity": "sha512-tPwWaGN0+yGGBcCEiYquf8fQGpxPAWUDkJ9LTNHoO6ML+4q7TuRhEuka1HbLzhoNUZpmyhZPqHNFkj0V679lOA==",
      "requires": {
        "@bitauth/libauth": "^2.0.0-alpha.8",
        "@generalprotocols/anyhedge-contracts": "^0.12.1-development.5461784800",
        "@generalprotocols/price-oracle": "^2.2.0-development.5964625527",
        "@types/shallow-equals": "^1.0.0",
        "cashscript": "0.9.2",
        "debug": "^4.3.2",
        "electrum-cash": "^2.0.10",
        "long": "^5.2.0",
        "shallow-equals": "^1.0.0"
      }
    },
    "@generalprotocols/anyhedge-contracts": {
      "version": "0.12.1-development.5461784800",
      "resolved": "https://registry.npmjs.org/@generalprotocols/anyhedge-contracts/-/anyhedge-contracts-0.12.1-development.5461784800.tgz",
      "integrity": "sha512-tocsmla00eSn71Qie8Ew760pIShdDq/h0PxrFA8qVDlMEXSqsIGRw6Sjt5bMjj68J+ci5Clk5mYxI7XXQNDZcQ==",
      "requires": {
        "cashc": "^0.9.2",
        "cashscript": "^0.9.2"
      }
    },
    "@generalprotocols/anyhedge-old": {
      "version": "npm:@generalprotocols/anyhedge@1.0.0-next.3670337504",
      "resolved": "https://registry.npmjs.org/@generalprotocols/anyhedge/-/anyhedge-1.0.0-next.3670337504.tgz",
      "integrity": "sha512-ji7BevC/6RoInSy/CJzgSql9KAYnVYQOfO/78R5UjGi1zLO4xLyCtn6HfJdYYCoehPyED1DEREXqCd/wjOXDvw==",
      "requires": {
        "@bitauth/libauth": "^2.0.0-alpha.6",
        "@generalprotocols/anyhedge-contracts": "^0.11.1",
        "@generalprotocols/price-oracle": "^2.1.0-development.3454328434",
        "@types/shallow-equals": "^1.0.0",
        "cashscript": "^0.7.1",
        "debug": "^4.3.2",
        "electrum-cash": "^2.0.10",
        "long": "^5.2.0",
        "node-fetch": "^3.2.4",
        "shallow-equals": "^1.0.0"
      },
      "dependencies": {
        "@cashscript/utils": {
          "version": "0.7.6",
          "resolved": "https://registry.npmjs.org/@cashscript/utils/-/utils-0.7.6.tgz",
          "integrity": "sha512-COrOG6w3phQKHJ8IScCSXH+qm3nTracd5cQfIkn8uLjFOVhkCx/17pTFJhJ5somf24PJpI3HN7p6tq+wTg1BCA==",
          "requires": {
            "@bitauth/libauth": "^1.18.1",
            "hash.js": "^1.1.7"
          },
          "dependencies": {
            "@bitauth/libauth": {
              "version": "1.19.1",
              "resolved": "https://registry.npmjs.org/@bitauth/libauth/-/libauth-1.19.1.tgz",
              "integrity": "sha512-R524tD5VwOt3QRHr7N518nqTVR/HKgfWL4LypekcGuNQN8R4PWScvuRcRzrY39A28kLztMv+TJdiKuMNbkU1ug=="
            }
          }
        },
        "@generalprotocols/anyhedge-contracts": {
          "version": "0.11.1",
          "resolved": "https://registry.npmjs.org/@generalprotocols/anyhedge-contracts/-/anyhedge-contracts-0.11.1.tgz",
          "integrity": "sha512-LRuYwhp3GVncyFHNw1izzHHb6xqGxPOzj6hpjq9ZSC37mEwFA0XwhjucUt/6sEBKVMV3azx2Fv0d7Axpuckl9g==",
          "requires": {
            "cashc": "^0.7.0",
            "cashscript": "^0.7.0"
          }
        },
        "@generalprotocols/price-oracle": {
          "version": "2.1.0-development.4645117701",
          "resolved": "https://registry.npmjs.org/@generalprotocols/price-oracle/-/price-oracle-2.1.0-development.4645117701.tgz",
          "integrity": "sha512-iePOipglrlvie3DbUjhHEPhv++AdP3H7z0yOs/LaW+gYuc7llTw6j4wT3a7nzWi3lnSa06wNCLUQM+J4pLyCcA==",
          "requires": {
            "@bitauth/libauth": "^2.0.0-alpha.6",
            "async-mutex": "^0.4.0",
            "debug": "^4.3.3",
            "json-arraybuffer-reviver": "^1.0.3",
            "zeromq": "6.0.0-beta.6"
          }
        },
        "cashc": {
          "version": "0.7.6",
          "resolved": "https://registry.npmjs.org/cashc/-/cashc-0.7.6.tgz",
          "integrity": "sha512-/P751jLeT5RErtQelq/wv0//EYypUyjx6yDyZDHRsHLvJR6m3+eMZDY/kg5n0kX3/nP7uem79JhXerxTisH/kg==",
          "requires": {
            "@bitauth/libauth": "^1.18.1",
            "@cashscript/utils": "^0.7.6",
            "antlr4ts": "^0.5.0-alpha.4",
            "commander": "^7.1.0",
            "semver": "^7.3.4"
          },
          "dependencies": {
            "@bitauth/libauth": {
              "version": "1.19.1",
              "resolved": "https://registry.npmjs.org/@bitauth/libauth/-/libauth-1.19.1.tgz",
              "integrity": "sha512-R524tD5VwOt3QRHr7N518nqTVR/HKgfWL4LypekcGuNQN8R4PWScvuRcRzrY39A28kLztMv+TJdiKuMNbkU1ug=="
            }
          }
        },
        "cashscript": {
          "version": "0.7.6",
          "resolved": "https://registry.npmjs.org/cashscript/-/cashscript-0.7.6.tgz",
          "integrity": "sha512-g0xOgbBCwlYqEyi6tK7fIAcy/hIBTwPak0nGvZk63faHZtI2ITlElrFD8LHgZy/NXAKAV4nThrc6Rg40JU8gNA==",
          "requires": {
            "@bitauth/libauth": "^1.18.1",
            "@cashscript/utils": "^0.7.6",
            "bip68": "^1.0.4",
            "bitcoin-rpc-promise-retry": "^1.3.0",
            "delay": "^5.0.0",
            "electrum-cash": "^2.0.10"
          },
          "dependencies": {
            "@bitauth/libauth": {
              "version": "1.19.1",
              "resolved": "https://registry.npmjs.org/@bitauth/libauth/-/libauth-1.19.1.tgz",
              "integrity": "sha512-R524tD5VwOt3QRHr7N518nqTVR/HKgfWL4LypekcGuNQN8R4PWScvuRcRzrY39A28kLztMv+TJdiKuMNbkU1ug=="
            }
          }
        }
      }
    },
    "@generalprotocols/price-oracle": {
      "version": "2.2.0-development.5964625527",
      "resolved": "https://registry.npmjs.org/@generalprotocols/price-oracle/-/price-oracle-2.2.0-development.5964625527.tgz",
      "integrity": "sha512-pgLyAytt1yu5STdUq0TxPersWCazLguubQJPh6Kz6F0fE7ycDC8I/tN0tLTVr4Xq0lF8KJB97Lte2ciRIBEvHQ==",
      "requires": {
        "@bitauth/libauth": "^2.0.0-alpha.6",
        "async-mutex": "^0.4.0",
        "debug": "^4.3.3",
        "json-arraybuffer-reviver": "^1.0.3",
        "zeromq": "6.0.0-beta.6"
      }
    },
    "@types/node": {
      "version": "20.12.7",
      "resolved": "https://registry.npmjs.org/@types/node/-/node-20.12.7.tgz",
      "integrity": "sha512-wq0cICSkRLVaf3UGLMGItu/PtdY7oaXaI/RVU+xliKVOtRna3PRY57ZDfztpDL0n11vfymMUnXv8QwYCO7L1wg==",
      "requires": {
        "undici-types": "~5.26.4"
      }
    },
    "@types/shallow-equals": {
      "version": "1.0.3",
      "resolved": "https://registry.npmjs.org/@types/shallow-equals/-/shallow-equals-1.0.3.tgz",
      "integrity": "sha512-xZx/hZsf1p9J5lGN/nGTsuW/chJCdlyGxilwg1TS78rygBCU5bpY50zZiFcIimlnl0p41kAyaASsy0bqU7WyBA=="
    },
    "@types/ws": {
      "version": "7.4.7",
      "resolved": "https://registry.npmjs.org/@types/ws/-/ws-7.4.7.tgz",
      "integrity": "sha512-JQbbmxZTZehdc2iszGKs5oC3NFnjeay7mtAWrdt7qNtAVK0g19muApzAy4bm9byz79xa2ZnO/BOBC2R8RC5Lww==",
      "requires": {
        "@types/node": "*"
      }
    },
    "antlr4": {
      "version": "4.13.1-patch-1",
      "resolved": "https://registry.npmjs.org/antlr4/-/antlr4-4.13.1-patch-1.tgz",
      "integrity": "sha512-OjFLWWLzDMV9rdFhpvroCWR4ooktNg9/nvVYSA5z28wuVpU36QUNuioR1XLnQtcjVlf8npjyz593PxnU/f/Cow=="
    },
    "antlr4ts": {
      "version": "0.5.0-alpha.4",
      "resolved": "https://registry.npmjs.org/antlr4ts/-/antlr4ts-0.5.0-alpha.4.tgz",
      "integrity": "sha512-WPQDt1B74OfPv/IMS2ekXAKkTZIHl88uMetg6q3OTqgFxZ/dxDXI0EWLyZid/1Pe6hTftyg5N7gel5wNAGxXyQ=="
    },
    "async-mutex": {
      "version": "0.4.1",
      "resolved": "https://registry.npmjs.org/async-mutex/-/async-mutex-0.4.1.tgz",
      "integrity": "sha512-WfoBo4E/TbCX1G95XTjbWTE3X2XLG0m1Xbv2cwOtuPdyH9CZvnaA5nCt1ucjaKEgW2A5IF71hxrRhr83Je5xjA==",
      "requires": {
        "tslib": "^2.4.0"
      }
    },
    "asynckit": {
      "version": "0.4.0",
      "resolved": "https://registry.npmjs.org/asynckit/-/asynckit-0.4.0.tgz",
      "integrity": "sha512-Oei9OH4tRh0YqU3GxhX79dM/mwVgvbZJaSNaRk+bshkj0S5cfHcgYakreBjrHwatXKbz+IoIdYLxrKim2MjW0Q=="
    },
    "axios": {
      "version": "0.27.2",
      "resolved": "https://registry.npmjs.org/axios/-/axios-0.27.2.tgz",
      "integrity": "sha512-t+yRIyySRTp/wua5xEr+z1q60QmLq8ABsS5O9Me1AsE5dfKqgnCFzwiCZZ/cGNd1lq4/7akDWMxdhVlucjmnOQ==",
      "requires": {
        "follow-redirects": "^1.14.9",
        "form-data": "^4.0.0"
      }
    },
    "bip68": {
      "version": "1.0.4",
      "resolved": "https://registry.npmjs.org/bip68/-/bip68-1.0.4.tgz",
      "integrity": "sha512-O1htyufFTYy3EO0JkHg2CLykdXEtV2ssqw47Gq9A0WByp662xpJnMEB9m43LZjsSDjIAOozWRExlFQk2hlV1XQ=="
    },
    "bitcoin-rpc-promise-retry": {
      "version": "1.3.0",
      "resolved": "https://registry.npmjs.org/bitcoin-rpc-promise-retry/-/bitcoin-rpc-promise-retry-1.3.0.tgz",
      "integrity": "sha512-xhldBhYwiUNY4spzkXXcU9LEq+nbSKJ5tvYWEUe/XTCe1VYoe8tEb5jJq4MBA2d+5egiUOA+P1QTTYm1FqPtOg==",
      "requires": {
        "bitcoind-rpc": "^0.8.0"
      }
    },
    "bitcoind-rpc": {
      "version": "0.8.1",
      "resolved": "https://registry.npmjs.org/bitcoind-rpc/-/bitcoind-rpc-0.8.1.tgz",
      "integrity": "sha512-NfhykAT/x/P1SOiog8UzltvTiv6A6d2X5VWJ3UjGeAqFLXv+IYHy+E4fFCBmgQRyIb1EIcyIZK1SVpSOGRHsaw=="
    },
    "cashc": {
      "version": "0.9.3",
      "resolved": "https://registry.npmjs.org/cashc/-/cashc-0.9.3.tgz",
      "integrity": "sha512-z3wz5UpaPrpehIoqcoOU419FcGUy/nzMJ7x9k5BJqlU8V6Kh0vytPPetudnAFSWKdiuvUJ5oIZJAeXUaDHpf0g==",
      "requires": {
        "@bitauth/libauth": "^2.0.0-alpha.8",
        "@cashscript/utils": "^0.9.3",
        "antlr4": "^4.13.1-patch-1",
        "commander": "^7.1.0",
        "semver": "^7.3.4"
      }
    },
    "cashscript": {
      "version": "0.9.2",
      "resolved": "https://registry.npmjs.org/cashscript/-/cashscript-0.9.2.tgz",
      "integrity": "sha512-IxvcJluRAoWA8ruQXsvOgmDeuyXc4DnwDF2UfU3l6/0fn5HQkLLVhH5hroc/TbExKWQPBEwR3Nql7aTQhPb9vA==",
      "requires": {
        "@bitauth/libauth": "^2.0.0-alpha.8",
        "@cashscript/utils": "^0.9.2",
        "bip68": "^1.0.4",
        "bitcoin-rpc-promise-retry": "^1.3.0",
        "delay": "^5.0.0",
        "electrum-cash": "^2.0.10",
        "fast-deep-equal": "^3.1.3"
      }
    },
    "combined-stream": {
      "version": "1.0.8",
      "resolved": "https://registry.npmjs.org/combined-stream/-/combined-stream-1.0.8.tgz",
      "integrity": "sha512-FQN4MRfuJeHf7cBbBMJFXhKSDq+2kAArBlmRBvcvFE5BB1HZKXtSFASDhdlz9zOYwxh8lDdnvmMOe/+5cdoEdg==",
      "requires": {
        "delayed-stream": "~1.0.0"
      }
    },
    "commander": {
      "version": "7.2.0",
      "resolved": "https://registry.npmjs.org/commander/-/commander-7.2.0.tgz",
      "integrity": "sha512-QrWXB+ZQSVPmIWIhtEO9H+gwHaMGYiF5ChvoJ+K9ZGHG/sVsa6yiesAD1GC/x46sET00Xlwo1u49RVVVzvcSkw=="
    },
    "data-uri-to-buffer": {
      "version": "4.0.1",
      "resolved": "https://registry.npmjs.org/data-uri-to-buffer/-/data-uri-to-buffer-4.0.1.tgz",
      "integrity": "sha512-0R9ikRb668HB7QDxT1vkpuUBtqc53YyAwMwGeUFKRojY/NWKvdZ+9UYtRfGmhqNbRkTSVpMbmyhXipFFv2cb/A=="
    },
    "debug": {
      "version": "4.3.4",
      "resolved": "https://registry.npmjs.org/debug/-/debug-4.3.4.tgz",
      "integrity": "sha512-PRWFHuSU3eDtQJPvnNY7Jcket1j0t5OuOsFzPPzsekD52Zl8qUfFIPEiswXqIvHWGVHOgX+7G/vCNNhehwxfkQ==",
      "requires": {
        "ms": "2.1.2"
      }
    },
    "delay": {
      "version": "5.0.0",
      "resolved": "https://registry.npmjs.org/delay/-/delay-5.0.0.tgz",
      "integrity": "sha512-ReEBKkIfe4ya47wlPYf/gu5ib6yUG0/Aez0JQZQz94kiWtRQvZIQbTiehsnwHvLSWJnQdhVeqYue7Id1dKr0qw=="
    },
    "delayed-stream": {
      "version": "1.0.0",
      "resolved": "https://registry.npmjs.org/delayed-stream/-/delayed-stream-1.0.0.tgz",
      "integrity": "sha512-ZySD7Nf91aLB0RxL4KGrKHBXl7Eds1DAmEdcoVawXnLD7SDhpNgtuII2aAkg7a7QS41jxPSZ17p4VdGnMHk3MQ=="
    },
    "electrum-cash": {
      "version": "2.0.10",
      "resolved": "https://registry.npmjs.org/electrum-cash/-/electrum-cash-2.0.10.tgz",
      "integrity": "sha512-xxKXWyDsnUR2pkqzb7r7ANf6yzlHO8+Rkq8HOFkKiH1tF1BJwyh6sDhGAy4lkTv2sU8Uv1em/itYZ5n2Cr6zaA==",
      "requires": {
        "@types/ws": "^7.4.6",
        "async-mutex": "^0.3.1",
        "debug": "^4.3.2",
        "isomorphic-ws": "^4.0.1",
        "ws": "^7.5.2"
      },
      "dependencies": {
        "async-mutex": {
          "version": "0.3.2",
          "resolved": "https://registry.npmjs.org/async-mutex/-/async-mutex-0.3.2.tgz",
          "integrity": "sha512-HuTK7E7MT7jZEh1P9GtRW9+aTWiDWWi9InbZ5hjxrnRa39KS4BW04+xLBhYNS2aXhHUIKZSw3gj4Pn1pj+qGAA==",
          "requires": {
            "tslib": "^2.3.1"
          }
        }
      }
    },
    "fast-deep-equal": {
      "version": "3.1.3",
      "resolved": "https://registry.npmjs.org/fast-deep-equal/-/fast-deep-equal-3.1.3.tgz",
      "integrity": "sha512-f3qQ9oQy9j2AhBe/H9VC91wLmKBCCU/gDOnKNAYG5hswO7BLKj09Hc5HYNz9cGI++xlpDCIgDaitVs03ATR84Q=="
    },
    "fetch-blob": {
      "version": "3.2.0",
      "resolved": "https://registry.npmjs.org/fetch-blob/-/fetch-blob-3.2.0.tgz",
      "integrity": "sha512-7yAQpD2UMJzLi1Dqv7qFYnPbaPx7ZfFK6PiIxQ4PfkGPyNyl2Ugx+a/umUonmKqjhM4DnfbMvdX6otXq83soQQ==",
      "requires": {
        "node-domexception": "^1.0.0",
        "web-streams-polyfill": "^3.0.3"
      }
    },
    "follow-redirects": {
      "version": "1.15.6",
      "resolved": "https://registry.npmjs.org/follow-redirects/-/follow-redirects-1.15.6.tgz",
      "integrity": "sha512-wWN62YITEaOpSK584EZXJafH1AGpO8RVgElfkuXbTOrPX4fIfOyEpW/CsiNd8JdYrAoOvafRTOEnvsO++qCqFA=="
    },
    "form-data": {
      "version": "4.0.0",
      "resolved": "https://registry.npmjs.org/form-data/-/form-data-4.0.0.tgz",
      "integrity": "sha512-ETEklSGi5t0QMZuiXoA/Q6vcnxcLQP5vdugSpuAyi6SVGi2clPPp+xgEhuMaHC+zGgn31Kd235W35f7Hykkaww==",
      "requires": {
        "asynckit": "^0.4.0",
        "combined-stream": "^1.0.8",
        "mime-types": "^2.1.12"
      }
    },
    "formdata-polyfill": {
      "version": "4.0.10",
      "resolved": "https://registry.npmjs.org/formdata-polyfill/-/formdata-polyfill-4.0.10.tgz",
      "integrity": "sha512-buewHzMvYL29jdeQTVILecSaZKnt/RJWjoZCF5OW60Z67/GmSLBkOFM7qh1PI3zFNtJbaZL5eQu1vLfazOwj4g==",
      "requires": {
        "fetch-blob": "^3.1.2"
      }
    },
    "hash.js": {
      "version": "1.1.7",
      "resolved": "https://registry.npmjs.org/hash.js/-/hash.js-1.1.7.tgz",
      "integrity": "sha512-taOaskGt4z4SOANNseOviYDvjEJinIkRgmp7LbKP2YTTmVxWBl87s/uzK9r+44BclBSp2X7K1hqeNfz9JbBeXA==",
      "requires": {
        "inherits": "^2.0.3",
        "minimalistic-assert": "^1.0.1"
      }
    },
    "inherits": {
      "version": "2.0.4",
      "resolved": "https://registry.npmjs.org/inherits/-/inherits-2.0.4.tgz",
      "integrity": "sha512-k/vGaX4/Yla3WzyMCvTQOXYeIHvqOKtnqBduzTHpzpQZzAskKMhZ2K+EnBiSM9zGSoIFeMpXKxa4dYeZIQqewQ=="
    },
    "isomorphic-ws": {
      "version": "4.0.1",
      "resolved": "https://registry.npmjs.org/isomorphic-ws/-/isomorphic-ws-4.0.1.tgz",
      "integrity": "sha512-BhBvN2MBpWTaSHdWRb/bwdZJ1WaehQ2L1KngkCkfLUGF0mAWAT1sQUQacEmQ0jXkFw/czDXPNQSL5u2/Krsz1w==",
      "requires": {}
    },
    "json-arraybuffer-reviver": {
      "version": "1.0.3",
      "resolved": "https://registry.npmjs.org/json-arraybuffer-reviver/-/json-arraybuffer-reviver-1.0.3.tgz",
      "integrity": "sha512-5mJgAqB1UqkL9cXyexrrC4j9xATYIwIkSZM3sOdKv9Q7TKCV5NfN9Md8+U7BL5cMgHu8yZAj3TWNJtbt3cH+BQ==",
      "requires": {
        "@bitauth/libauth": "^2.0.0-alpha.6"
      }
    },
    "long": {
      "version": "5.2.3",
      "resolved": "https://registry.npmjs.org/long/-/long-5.2.3.tgz",
      "integrity": "sha512-lcHwpNoggQTObv5apGNCTdJrO69eHOZMi4BNC+rTLER8iHAqGrUVeLh/irVIM7zTw2bOXA8T6uNPeujwOLg/2Q=="
    },
    "lru-cache": {
      "version": "6.0.0",
      "resolved": "https://registry.npmjs.org/lru-cache/-/lru-cache-6.0.0.tgz",
      "integrity": "sha512-Jo6dJ04CmSjuznwJSS3pUeWmd/H0ffTlkXXgwZi+eq1UCmqQwCh+eLsYOYCwY991i2Fah4h1BEMCx4qThGbsiA==",
      "requires": {
        "yallist": "^4.0.0"
      }
    },
    "mime-db": {
      "version": "1.52.0",
      "resolved": "https://registry.npmjs.org/mime-db/-/mime-db-1.52.0.tgz",
      "integrity": "sha512-sPU4uV7dYlvtWJxwwxHD0PuihVNiE7TyAbQ5SWxDCB9mUYvOgroQOwYQQOKPJ8CIbE+1ETVlOoK1UC2nU3gYvg=="
    },
    "mime-types": {
      "version": "2.1.35",
      "resolved": "https://registry.npmjs.org/mime-types/-/mime-types-2.1.35.tgz",
      "integrity": "sha512-ZDY+bPm5zTTF+YpCrAU9nK0UgICYPT0QtT1NZWFv4s++TNkcgVaT0g6+4R2uI4MjQjzysHB1zxuWL50hzaeXiw==",
      "requires": {
        "mime-db": "1.52.0"
      }
    },
    "minimalistic-assert": {
      "version": "1.0.1",
      "resolved": "https://registry.npmjs.org/minimalistic-assert/-/minimalistic-assert-1.0.1.tgz",
      "integrity": "sha512-UtJcAD4yEaGtjPezWuO9wC4nwUnVH/8/Im3yEHQP4b67cXlD/Qr9hdITCU1xDbSEXg2XKNaP8jsReV7vQd00/A=="
    },
    "ms": {
      "version": "2.1.2",
      "resolved": "https://registry.npmjs.org/ms/-/ms-2.1.2.tgz",
      "integrity": "sha512-sGkPx+VjMtmA6MX27oA4FBFELFCZZ4S4XqeGOXCv68tT+jb3vk/RyaKWP0PTKyWtmLSM0b+adUTEvbs1PEaH2w=="
    },
    "node-domexception": {
      "version": "1.0.0",
      "resolved": "https://registry.npmjs.org/node-domexception/-/node-domexception-1.0.0.tgz",
      "integrity": "sha512-/jKZoMpw0F8GRwl4/eLROPA3cfcXtLApP0QzLmUT/HuPCZWyB7IY9ZrMeKw2O/nFIqPQB3PVM9aYm0F312AXDQ=="
    },
    "node-fetch": {
      "version": "3.3.2",
      "resolved": "https://registry.npmjs.org/node-fetch/-/node-fetch-3.3.2.tgz",
      "integrity": "sha512-dRB78srN/l6gqWulah9SrxeYnxeddIG30+GOqK/9OlLVyLg3HPnr6SqOWTWOXKRwC2eGYCkZ59NNuSgvSrpgOA==",
      "requires": {
        "data-uri-to-buffer": "^4.0.0",
        "fetch-blob": "^3.1.4",
        "formdata-polyfill": "^4.0.10"
      }
    },
    "node-gyp-build": {
      "version": "4.8.0",
      "resolved": "https://registry.npmjs.org/node-gyp-build/-/node-gyp-build-4.8.0.tgz",
      "integrity": "sha512-u6fs2AEUljNho3EYTJNBfImO5QTo/J/1Etd+NVdCj7qWKUSN/bSLkZwhDv7I+w/MSC6qJ4cknepkAYykDdK8og==",
      "optional": true
    },
    "semver": {
      "version": "7.6.0",
      "resolved": "https://registry.npmjs.org/semver/-/semver-7.6.0.tgz",
      "integrity": "sha512-EnwXhrlwXMk9gKu5/flx5sv/an57AkRplG3hTK68W7FRDN+k+OWBj65M7719OkA82XLBxrcX0KSHj+X5COhOVg==",
      "requires": {
        "lru-cache": "^6.0.0"
      }
    },
    "shallow-equals": {
      "version": "1.0.0",
      "resolved": "https://registry.npmjs.org/shallow-equals/-/shallow-equals-1.0.0.tgz",
      "integrity": "sha512-xd/FKcdmfmMbyYCca3QTVEJtqUOGuajNzvAX6nt8dXILwjAIEkfHc4hI8/JMGApAmb7VeULO0Q30NTxnbH/15g=="
    },
    "tslib": {
      "version": "2.6.2",
      "resolved": "https://registry.npmjs.org/tslib/-/tslib-2.6.2.tgz",
      "integrity": "sha512-AEYxH93jGFPn/a2iVAwW87VuUIkR1FVUKB77NwMF7nBTDkDrrT/Hpt/IrCJ0QXhW27jTBDcf5ZY7w6RiqTMw2Q=="
    },
    "undici-types": {
      "version": "5.26.5",
      "resolved": "https://registry.npmjs.org/undici-types/-/undici-types-5.26.5.tgz",
      "integrity": "sha512-JlCMO+ehdEIKqlFxk6IfVoAUVmgz7cU7zD/h9XZ0qzeosSHmUJVOzSQvvYSYWXkFXC+IfLKSIffhv0sVZup6pA=="
    },
    "web-streams-polyfill": {
      "version": "3.3.3",
      "resolved": "https://registry.npmjs.org/web-streams-polyfill/-/web-streams-polyfill-3.3.3.tgz",
      "integrity": "sha512-d2JWLCivmZYTSIoge9MsgFCZrt571BikcWGYkjC1khllbTeDlGqZ2D8vD8E/lJa8WGWbb7Plm8/XJYV7IJHZZw=="
    },
    "ws": {
      "version": "7.5.9",
      "resolved": "https://registry.npmjs.org/ws/-/ws-7.5.9.tgz",
      "integrity": "sha512-F+P9Jil7UiSKSkppIiD94dN07AwvFixvLIj1Og1Rl9GGMuNipJnV9JzjD6XuqmAeiswGvUmNLjr5cFuXwNS77Q==",
      "requires": {}
    },
    "yallist": {
      "version": "4.0.0",
      "resolved": "https://registry.npmjs.org/yallist/-/yallist-4.0.0.tgz",
      "integrity": "sha512-3wdGidZyq5PB084XLES5TpOSRA3wjXAlIWMhum2kRcv/41Sn2emQ0dycQW4uZXLejwKvg6EsvbdlVL+FYEct7A=="
    },
    "zeromq": {
      "version": "6.0.0-beta.6",
      "resolved": "https://registry.npmjs.org/zeromq/-/zeromq-6.0.0-beta.6.tgz",
      "integrity": "sha512-wLf6M7pBHijl+BRltUL2VoDpgbQcOZetiX8UzycHL8CcYFxYnRrpoG5fi3UX3+Umavz1lk4/dGaQez8qiDgr/Q==",
      "optional": true,
      "requires": {
        "node-gyp-build": "^4.1.0"
      }
    }
  }
}
